// !$*UTF8*$!
{
	archiveVersion = 1;
	classes = {
	};
	objectVersion = 56;
	objects = {

/* Begin PBXBuildFile section */
		49606CB12885026C006CB30D /* leetcodes_swift.docc in Sources */ = {isa = PBXBuildFile; fileRef = 49606CB02885026C006CB30D /* leetcodes_swift.docc */; };
		49606CB72885026D006CB30D /* leetcodes_swift.framework in Frameworks */ = {isa = PBXBuildFile; fileRef = 49606CAC2885026C006CB30D /* leetcodes_swift.framework */; };
		49606CBC2885026D006CB30D /* leetcodes_swiftTests.swift in Sources */ = {isa = PBXBuildFile; fileRef = 49606CBB2885026D006CB30D /* leetcodes_swiftTests.swift */; };
		49606CBD2885026D006CB30D /* leetcodes_swift.h in Headers */ = {isa = PBXBuildFile; fileRef = 49606CAF2885026C006CB30D /* leetcodes_swift.h */; settings = {ATTRIBUTES = (Public, ); }; };
		49606D1A28850295006CB30D /* 1252.swift in Sources */ = {isa = PBXBuildFile; fileRef = 49606CC828850295006CB30D /* 1252.swift */; };
		49606D1B28850295006CB30D /* 676.swift in Sources */ = {isa = PBXBuildFile; fileRef = 49606CCB28850295006CB30D /* 676.swift */; };
		49606D1C28850295006CB30D /* 66.swift in Sources */ = {isa = PBXBuildFile; fileRef = 49606CCE28850295006CB30D /* 66.swift */; };
		49606D1D28850295006CB30D /* 67.swift in Sources */ = {isa = PBXBuildFile; fileRef = 49606CCF28850295006CB30D /* 67.swift */; };
		49606D1E28850295006CB30D /* 69.swift in Sources */ = {isa = PBXBuildFile; fileRef = 49606CD028850295006CB30D /* 69.swift */; };
		49606D1F28850295006CB30D /* 70.swift in Sources */ = {isa = PBXBuildFile; fileRef = 49606CD128850295006CB30D /* 70.swift */; };
		49606D2028850295006CB30D /* 1.swift in Sources */ = {isa = PBXBuildFile; fileRef = 49606CD328850295006CB30D /* 1.swift */; };
		49606D2128850295006CB30D /* 20.swift in Sources */ = {isa = PBXBuildFile; fileRef = 49606CD428850295006CB30D /* 20.swift */; };
		49606D2228850295006CB30D /* 46.swift in Sources */ = {isa = PBXBuildFile; fileRef = 49606CD628850295006CB30D /* 46.swift */; };
		49606D2328850295006CB30D /* 47.swift in Sources */ = {isa = PBXBuildFile; fileRef = 49606CD728850295006CB30D /* 47.swift */; };
		49606D2428850295006CB30D /* 58.swift in Sources */ = {isa = PBXBuildFile; fileRef = 49606CD828850295006CB30D /* 58.swift */; };
		49606D2528850295006CB30D /* 52.swift in Sources */ = {isa = PBXBuildFile; fileRef = 49606CD928850295006CB30D /* 52.swift */; };
		49606D2628850295006CB30D /* 49.swift in Sources */ = {isa = PBXBuildFile; fileRef = 49606CDA28850295006CB30D /* 49.swift */; };
		49606D2728850295006CB30D /* 48.swift in Sources */ = {isa = PBXBuildFile; fileRef = 49606CDB28850295006CB30D /* 48.swift */; };
		49606D2828850295006CB30D /* 51.swift in Sources */ = {isa = PBXBuildFile; fileRef = 49606CDC28850295006CB30D /* 51.swift */; };
		49606D2928850295006CB30D /* 53.swift in Sources */ = {isa = PBXBuildFile; fileRef = 49606CDD28850295006CB30D /* 53.swift */; };
		49606D2A28850295006CB30D /* 27.swift in Sources */ = {isa = PBXBuildFile; fileRef = 49606CDF28850295006CB30D /* 27.swift */; };
		49606D2B28850295006CB30D /* 25.swift in Sources */ = {isa = PBXBuildFile; fileRef = 49606CE028850295006CB30D /* 25.swift */; };
		49606D2C28850295006CB30D /* 24.swift in Sources */ = {isa = PBXBuildFile; fileRef = 49606CE128850295006CB30D /* 24.swift */; };
		49606D2D28850295006CB30D /* 26.swift in Sources */ = {isa = PBXBuildFile; fileRef = 49606CE228850295006CB30D /* 26.swift */; };
		49606D2E28850295006CB30D /* 35.swift in Sources */ = {isa = PBXBuildFile; fileRef = 49606CE328850295006CB30D /* 35.swift */; };
		49606D2F28850295006CB30D /* 37.swift in Sources */ = {isa = PBXBuildFile; fileRef = 49606CE428850295006CB30D /* 37.swift */; };
		49606D3028850295006CB30D /* 28.swift in Sources */ = {isa = PBXBuildFile; fileRef = 49606CE528850295006CB30D /* 28.swift */; };
		49606D3128850295006CB30D /* 36.swift in Sources */ = {isa = PBXBuildFile; fileRef = 49606CE628850295006CB30D /* 36.swift */; };
		49606D3228850295006CB30D /* 30.swift in Sources */ = {isa = PBXBuildFile; fileRef = 49606CE728850295006CB30D /* 30.swift */; };
		49606D3328850295006CB30D /* 83.swift in Sources */ = {isa = PBXBuildFile; fileRef = 49606CE928850295006CB30D /* 83.swift */; };
		49606D3428850295006CB30D /* 94.swift in Sources */ = {isa = PBXBuildFile; fileRef = 49606CEA28850295006CB30D /* 94.swift */; };
		49606D3528850295006CB30D /* 100.swift in Sources */ = {isa = PBXBuildFile; fileRef = 49606CEB28850295006CB30D /* 100.swift */; };
		49606D3628850295006CB30D /* 88.swift in Sources */ = {isa = PBXBuildFile; fileRef = 49606CEC28850295006CB30D /* 88.swift */; };
		49606D3728850295006CB30D /* 141.swift in Sources */ = {isa = PBXBuildFile; fileRef = 49606CEF28850295006CB30D /* 141.swift */; };
		49606D3828850295006CB30D /* 145.swift in Sources */ = {isa = PBXBuildFile; fileRef = 49606CF028850295006CB30D /* 145.swift */; };
		49606D3928850295006CB30D /* 142.swift in Sources */ = {isa = PBXBuildFile; fileRef = 49606CF128850295006CB30D /* 142.swift */; };
		49606D3A28850295006CB30D /* 144.swift in Sources */ = {isa = PBXBuildFile; fileRef = 49606CF228850295006CB30D /* 144.swift */; };
		49606D3B28850295006CB30D /* 160.swift in Sources */ = {isa = PBXBuildFile; fileRef = 49606CF328850295006CB30D /* 160.swift */; };
		49606D3C28850295006CB30D /* 112.swift in Sources */ = {isa = PBXBuildFile; fileRef = 49606CF528850295006CB30D /* 112.swift */; };
		49606D3D28850295006CB30D /* 110.swift in Sources */ = {isa = PBXBuildFile; fileRef = 49606CF628850295006CB30D /* 110.swift */; };
		49606D3E28850295006CB30D /* 108.swift in Sources */ = {isa = PBXBuildFile; fileRef = 49606CF728850295006CB30D /* 108.swift */; };
		49606D3F28850295006CB30D /* 111.swift in Sources */ = {isa = PBXBuildFile; fileRef = 49606CF828850295006CB30D /* 111.swift */; };
		49606D4028850295006CB30D /* 104.swift in Sources */ = {isa = PBXBuildFile; fileRef = 49606CF928850295006CB30D /* 104.swift */; };
		49606D4128850295006CB30D /* 119.swift in Sources */ = {isa = PBXBuildFile; fileRef = 49606CFA28850295006CB30D /* 119.swift */; };
		49606D4228850295006CB30D /* 102.swift in Sources */ = {isa = PBXBuildFile; fileRef = 49606CFB28850295006CB30D /* 102.swift */; };
		49606D4328850295006CB30D /* 103.swift in Sources */ = {isa = PBXBuildFile; fileRef = 49606CFC28850295006CB30D /* 103.swift */; };
		49606D4428850295006CB30D /* 101.swift in Sources */ = {isa = PBXBuildFile; fileRef = 49606CFD28850295006CB30D /* 101.swift */; };
		49606D4528850295006CB30D /* 118.swift in Sources */ = {isa = PBXBuildFile; fileRef = 49606CFE28850295006CB30D /* 118.swift */; };
		49606D4628850295006CB30D /* 136.swift in Sources */ = {isa = PBXBuildFile; fileRef = 49606D0028850295006CB30D /* 136.swift */; };
		49606D4728850295006CB30D /* 121.swift in Sources */ = {isa = PBXBuildFile; fileRef = 49606D0128850295006CB30D /* 121.swift */; };
		49606D4828850295006CB30D /* 125.swift in Sources */ = {isa = PBXBuildFile; fileRef = 49606D0228850295006CB30D /* 125.swift */; };
		49606D4928850295006CB30D /* 171.swift in Sources */ = {isa = PBXBuildFile; fileRef = 49606D0428850295006CB30D /* 171.swift */; };
		49606D4A28850295006CB30D /* 168.swift in Sources */ = {isa = PBXBuildFile; fileRef = 49606D0528850295006CB30D /* 168.swift */; };
		49606D4B28850295006CB30D /* 169.swift in Sources */ = {isa = PBXBuildFile; fileRef = 49606D0628850295006CB30D /* 169.swift */; };
		49606D4C28850295006CB30D /* 735.swift in Sources */ = {isa = PBXBuildFile; fileRef = 49606D0928850295006CB30D /* 735.swift */; };
		49606D4D28850295006CB30D /* 745.swift in Sources */ = {isa = PBXBuildFile; fileRef = 49606D0B28850295006CB30D /* 745.swift */; };
		49606D4E28850295006CB30D /* 749.swift in Sources */ = {isa = PBXBuildFile; fileRef = 49606D0C28850295006CB30D /* 749.swift */; };
		49606D4F28850295006CB30D /* 558.swift in Sources */ = {isa = PBXBuildFile; fileRef = 49606D0F28850295006CB30D /* 558.swift */; };
		49606D5028850295006CB30D /* 565.swift in Sources */ = {isa = PBXBuildFile; fileRef = 49606D1128850295006CB30D /* 565.swift */; };
		49606D5128850295006CB30D /* 202.swift in Sources */ = {isa = PBXBuildFile; fileRef = 49606D1428850295006CB30D /* 202.swift */; };
		49606D5228850295006CB30D /* 235.swift in Sources */ = {isa = PBXBuildFile; fileRef = 49606D1628850295006CB30D /* 235.swift */; };
		49606D5328850295006CB30D /* 226.swift in Sources */ = {isa = PBXBuildFile; fileRef = 49606D1728850295006CB30D /* 226.swift */; };
		49606D5428850295006CB30D /* offer_ii_041.swift in Sources */ = {isa = PBXBuildFile; fileRef = 49606D1928850295006CB30D /* offer_ii_041.swift */; };
		49606D64288502C8006CB30D /* tests561_580.swift in Sources */ = {isa = PBXBuildFile; fileRef = 49606D59288502C8006CB30D /* tests561_580.swift */; };
		49606D65288502C8006CB30D /* tests741-760.swift in Sources */ = {isa = PBXBuildFile; fileRef = 49606D5B288502C8006CB30D /* tests741-760.swift */; };
		49606D66288502C8006CB30D /* tests731_740.swift in Sources */ = {isa = PBXBuildFile; fileRef = 49606D5C288502C8006CB30D /* tests731_740.swift */; };
		49606D67288502C8006CB30D /* tests041_060.swift in Sources */ = {isa = PBXBuildFile; fileRef = 49606D5E288502C8006CB30D /* tests041_060.swift */; };
		49606D68288502C8006CB30D /* tests081_100.swift in Sources */ = {isa = PBXBuildFile; fileRef = 49606D5F288502C8006CB30D /* tests081_100.swift */; };
		49606D69288502C8006CB30D /* tests021_040.swift in Sources */ = {isa = PBXBuildFile; fileRef = 49606D60288502C8006CB30D /* tests021_040.swift */; };
		49606D6A288502C8006CB30D /* tests121-140.swift in Sources */ = {isa = PBXBuildFile; fileRef = 49606D62288502C8006CB30D /* tests121-140.swift */; };
		49606D6B288502C8006CB30D /* tests101_120.swift in Sources */ = {isa = PBXBuildFile; fileRef = 49606D63288502C8006CB30D /* tests101_120.swift */; };
		49606D6D2885032E006CB30D /* README.md in Resources */ = {isa = PBXBuildFile; fileRef = 49606D6C2885032E006CB30D /* README.md */; };
		49606D6F28852B78006CB30D /* 15.swift in Sources */ = {isa = PBXBuildFile; fileRef = 49606D6E28852B78006CB30D /* 15.swift */; };
		49606D7128852FC8006CB30D /* 16.swift in Sources */ = {isa = PBXBuildFile; fileRef = 49606D7028852FC8006CB30D /* 16.swift */; };
		49606D7328853505006CB30D /* 18.swift in Sources */ = {isa = PBXBuildFile; fileRef = 49606D7228853505006CB30D /* 18.swift */; };
		49606D75288536CE006CB30D /* tests001-020.swift in Sources */ = {isa = PBXBuildFile; fileRef = 49606D74288536CE006CB30D /* tests001-020.swift */; };
		49606D77288538D0006CB30D /* 22.swift in Sources */ = {isa = PBXBuildFile; fileRef = 49606D76288538D0006CB30D /* 22.swift */; };
		49606D7E2885444B006CB30D /* 190.swift in Sources */ = {isa = PBXBuildFile; fileRef = 49606D7D2885444B006CB30D /* 190.swift */; };
		49606D80288546D9006CB30D /* 191.swift in Sources */ = {isa = PBXBuildFile; fileRef = 49606D7F288546D9006CB30D /* 191.swift */; };
		49606D8228854C4F006CB30D /* 203.swift in Sources */ = {isa = PBXBuildFile; fileRef = 49606D8128854C4F006CB30D /* 203.swift */; };
		49606D8428855B09006CB30D /* 205.swift in Sources */ = {isa = PBXBuildFile; fileRef = 49606D8328855B09006CB30D /* 205.swift */; };
		49606D8628855F93006CB30D /* 206.swift in Sources */ = {isa = PBXBuildFile; fileRef = 49606D8528855F93006CB30D /* 206.swift */; };
		49606D882885645C006CB30D /* 219.swift in Sources */ = {isa = PBXBuildFile; fileRef = 49606D872885645C006CB30D /* 219.swift */; };
/* End PBXBuildFile section */

/* Begin PBXContainerItemProxy section */
		49606CB82885026D006CB30D /* PBXContainerItemProxy */ = {
			isa = PBXContainerItemProxy;
			containerPortal = 49606CA32885026C006CB30D /* Project object */;
			proxyType = 1;
			remoteGlobalIDString = 49606CAB2885026C006CB30D;
			remoteInfo = "leetcodes-swift";
		};
/* End PBXContainerItemProxy section */

/* Begin PBXFileReference section */
		49606CAC2885026C006CB30D /* leetcodes_swift.framework */ = {isa = PBXFileReference; explicitFileType = wrapper.framework; includeInIndex = 0; path = leetcodes_swift.framework; sourceTree = BUILT_PRODUCTS_DIR; };
		49606CAF2885026C006CB30D /* leetcodes_swift.h */ = {isa = PBXFileReference; lastKnownFileType = sourcecode.c.h; path = leetcodes_swift.h; sourceTree = "<group>"; };
		49606CB02885026C006CB30D /* leetcodes_swift.docc */ = {isa = PBXFileReference; lastKnownFileType = folder.documentationcatalog; path = leetcodes_swift.docc; sourceTree = "<group>"; };
		49606CB62885026D006CB30D /* leetcodes-swiftTests.xctest */ = {isa = PBXFileReference; explicitFileType = wrapper.cfbundle; includeInIndex = 0; path = "leetcodes-swiftTests.xctest"; sourceTree = BUILT_PRODUCTS_DIR; };
		49606CBB2885026D006CB30D /* leetcodes_swiftTests.swift */ = {isa = PBXFileReference; lastKnownFileType = sourcecode.swift; path = leetcodes_swiftTests.swift; sourceTree = "<group>"; };
		49606CC828850295006CB30D /* 1252.swift */ = {isa = PBXFileReference; fileEncoding = 4; lastKnownFileType = sourcecode.swift; path = 1252.swift; sourceTree = "<group>"; };
		49606CCB28850295006CB30D /* 676.swift */ = {isa = PBXFileReference; fileEncoding = 4; lastKnownFileType = sourcecode.swift; path = 676.swift; sourceTree = "<group>"; };
		49606CCE28850295006CB30D /* 66.swift */ = {isa = PBXFileReference; fileEncoding = 4; lastKnownFileType = sourcecode.swift; path = 66.swift; sourceTree = "<group>"; };
		49606CCF28850295006CB30D /* 67.swift */ = {isa = PBXFileReference; fileEncoding = 4; lastKnownFileType = sourcecode.swift; path = 67.swift; sourceTree = "<group>"; };
		49606CD028850295006CB30D /* 69.swift */ = {isa = PBXFileReference; fileEncoding = 4; lastKnownFileType = sourcecode.swift; path = 69.swift; sourceTree = "<group>"; };
		49606CD128850295006CB30D /* 70.swift */ = {isa = PBXFileReference; fileEncoding = 4; lastKnownFileType = sourcecode.swift; path = 70.swift; sourceTree = "<group>"; };
		49606CD328850295006CB30D /* 1.swift */ = {isa = PBXFileReference; fileEncoding = 4; lastKnownFileType = sourcecode.swift; path = 1.swift; sourceTree = "<group>"; };
		49606CD428850295006CB30D /* 20.swift */ = {isa = PBXFileReference; fileEncoding = 4; lastKnownFileType = sourcecode.swift; path = 20.swift; sourceTree = "<group>"; };
		49606CD628850295006CB30D /* 46.swift */ = {isa = PBXFileReference; fileEncoding = 4; lastKnownFileType = sourcecode.swift; path = 46.swift; sourceTree = "<group>"; };
		49606CD728850295006CB30D /* 47.swift */ = {isa = PBXFileReference; fileEncoding = 4; lastKnownFileType = sourcecode.swift; path = 47.swift; sourceTree = "<group>"; };
		49606CD828850295006CB30D /* 58.swift */ = {isa = PBXFileReference; fileEncoding = 4; lastKnownFileType = sourcecode.swift; path = 58.swift; sourceTree = "<group>"; };
		49606CD928850295006CB30D /* 52.swift */ = {isa = PBXFileReference; fileEncoding = 4; lastKnownFileType = sourcecode.swift; path = 52.swift; sourceTree = "<group>"; };
		49606CDA28850295006CB30D /* 49.swift */ = {isa = PBXFileReference; fileEncoding = 4; lastKnownFileType = sourcecode.swift; path = 49.swift; sourceTree = "<group>"; };
		49606CDB28850295006CB30D /* 48.swift */ = {isa = PBXFileReference; fileEncoding = 4; lastKnownFileType = sourcecode.swift; path = 48.swift; sourceTree = "<group>"; };
		49606CDC28850295006CB30D /* 51.swift */ = {isa = PBXFileReference; fileEncoding = 4; lastKnownFileType = sourcecode.swift; path = 51.swift; sourceTree = "<group>"; };
		49606CDD28850295006CB30D /* 53.swift */ = {isa = PBXFileReference; fileEncoding = 4; lastKnownFileType = sourcecode.swift; path = 53.swift; sourceTree = "<group>"; };
		49606CDF28850295006CB30D /* 27.swift */ = {isa = PBXFileReference; fileEncoding = 4; lastKnownFileType = sourcecode.swift; path = 27.swift; sourceTree = "<group>"; };
		49606CE028850295006CB30D /* 25.swift */ = {isa = PBXFileReference; fileEncoding = 4; lastKnownFileType = sourcecode.swift; path = 25.swift; sourceTree = "<group>"; };
		49606CE128850295006CB30D /* 24.swift */ = {isa = PBXFileReference; fileEncoding = 4; lastKnownFileType = sourcecode.swift; path = 24.swift; sourceTree = "<group>"; };
		49606CE228850295006CB30D /* 26.swift */ = {isa = PBXFileReference; fileEncoding = 4; lastKnownFileType = sourcecode.swift; path = 26.swift; sourceTree = "<group>"; };
		49606CE328850295006CB30D /* 35.swift */ = {isa = PBXFileReference; fileEncoding = 4; lastKnownFileType = sourcecode.swift; path = 35.swift; sourceTree = "<group>"; };
		49606CE428850295006CB30D /* 37.swift */ = {isa = PBXFileReference; fileEncoding = 4; lastKnownFileType = sourcecode.swift; path = 37.swift; sourceTree = "<group>"; };
		49606CE528850295006CB30D /* 28.swift */ = {isa = PBXFileReference; fileEncoding = 4; lastKnownFileType = sourcecode.swift; path = 28.swift; sourceTree = "<group>"; };
		49606CE628850295006CB30D /* 36.swift */ = {isa = PBXFileReference; fileEncoding = 4; lastKnownFileType = sourcecode.swift; path = 36.swift; sourceTree = "<group>"; };
		49606CE728850295006CB30D /* 30.swift */ = {isa = PBXFileReference; fileEncoding = 4; lastKnownFileType = sourcecode.swift; path = 30.swift; sourceTree = "<group>"; };
		49606CE928850295006CB30D /* 83.swift */ = {isa = PBXFileReference; fileEncoding = 4; lastKnownFileType = sourcecode.swift; path = 83.swift; sourceTree = "<group>"; };
		49606CEA28850295006CB30D /* 94.swift */ = {isa = PBXFileReference; fileEncoding = 4; lastKnownFileType = sourcecode.swift; path = 94.swift; sourceTree = "<group>"; };
		49606CEB28850295006CB30D /* 100.swift */ = {isa = PBXFileReference; fileEncoding = 4; lastKnownFileType = sourcecode.swift; path = 100.swift; sourceTree = "<group>"; };
		49606CEC28850295006CB30D /* 88.swift */ = {isa = PBXFileReference; fileEncoding = 4; lastKnownFileType = sourcecode.swift; path = 88.swift; sourceTree = "<group>"; };
		49606CEF28850295006CB30D /* 141.swift */ = {isa = PBXFileReference; fileEncoding = 4; lastKnownFileType = sourcecode.swift; path = 141.swift; sourceTree = "<group>"; };
		49606CF028850295006CB30D /* 145.swift */ = {isa = PBXFileReference; fileEncoding = 4; lastKnownFileType = sourcecode.swift; path = 145.swift; sourceTree = "<group>"; };
		49606CF128850295006CB30D /* 142.swift */ = {isa = PBXFileReference; fileEncoding = 4; lastKnownFileType = sourcecode.swift; path = 142.swift; sourceTree = "<group>"; };
		49606CF228850295006CB30D /* 144.swift */ = {isa = PBXFileReference; fileEncoding = 4; lastKnownFileType = sourcecode.swift; path = 144.swift; sourceTree = "<group>"; };
		49606CF328850295006CB30D /* 160.swift */ = {isa = PBXFileReference; fileEncoding = 4; lastKnownFileType = sourcecode.swift; path = 160.swift; sourceTree = "<group>"; };
		49606CF528850295006CB30D /* 112.swift */ = {isa = PBXFileReference; fileEncoding = 4; lastKnownFileType = sourcecode.swift; path = 112.swift; sourceTree = "<group>"; };
		49606CF628850295006CB30D /* 110.swift */ = {isa = PBXFileReference; fileEncoding = 4; lastKnownFileType = sourcecode.swift; path = 110.swift; sourceTree = "<group>"; };
		49606CF728850295006CB30D /* 108.swift */ = {isa = PBXFileReference; fileEncoding = 4; lastKnownFileType = sourcecode.swift; path = 108.swift; sourceTree = "<group>"; };
		49606CF828850295006CB30D /* 111.swift */ = {isa = PBXFileReference; fileEncoding = 4; lastKnownFileType = sourcecode.swift; path = 111.swift; sourceTree = "<group>"; };
		49606CF928850295006CB30D /* 104.swift */ = {isa = PBXFileReference; fileEncoding = 4; lastKnownFileType = sourcecode.swift; path = 104.swift; sourceTree = "<group>"; };
		49606CFA28850295006CB30D /* 119.swift */ = {isa = PBXFileReference; fileEncoding = 4; lastKnownFileType = sourcecode.swift; path = 119.swift; sourceTree = "<group>"; };
		49606CFB28850295006CB30D /* 102.swift */ = {isa = PBXFileReference; fileEncoding = 4; lastKnownFileType = sourcecode.swift; path = 102.swift; sourceTree = "<group>"; };
		49606CFC28850295006CB30D /* 103.swift */ = {isa = PBXFileReference; fileEncoding = 4; lastKnownFileType = sourcecode.swift; path = 103.swift; sourceTree = "<group>"; };
		49606CFD28850295006CB30D /* 101.swift */ = {isa = PBXFileReference; fileEncoding = 4; lastKnownFileType = sourcecode.swift; path = 101.swift; sourceTree = "<group>"; };
		49606CFE28850295006CB30D /* 118.swift */ = {isa = PBXFileReference; fileEncoding = 4; lastKnownFileType = sourcecode.swift; path = 118.swift; sourceTree = "<group>"; };
		49606D0028850295006CB30D /* 136.swift */ = {isa = PBXFileReference; fileEncoding = 4; lastKnownFileType = sourcecode.swift; path = 136.swift; sourceTree = "<group>"; };
		49606D0128850295006CB30D /* 121.swift */ = {isa = PBXFileReference; fileEncoding = 4; lastKnownFileType = sourcecode.swift; path = 121.swift; sourceTree = "<group>"; };
		49606D0228850295006CB30D /* 125.swift */ = {isa = PBXFileReference; fileEncoding = 4; lastKnownFileType = sourcecode.swift; path = 125.swift; sourceTree = "<group>"; };
		49606D0428850295006CB30D /* 171.swift */ = {isa = PBXFileReference; fileEncoding = 4; lastKnownFileType = sourcecode.swift; path = 171.swift; sourceTree = "<group>"; };
		49606D0528850295006CB30D /* 168.swift */ = {isa = PBXFileReference; fileEncoding = 4; lastKnownFileType = sourcecode.swift; path = 168.swift; sourceTree = "<group>"; };
		49606D0628850295006CB30D /* 169.swift */ = {isa = PBXFileReference; fileEncoding = 4; lastKnownFileType = sourcecode.swift; path = 169.swift; sourceTree = "<group>"; };
		49606D0928850295006CB30D /* 735.swift */ = {isa = PBXFileReference; fileEncoding = 4; lastKnownFileType = sourcecode.swift; path = 735.swift; sourceTree = "<group>"; };
		49606D0B28850295006CB30D /* 745.swift */ = {isa = PBXFileReference; fileEncoding = 4; lastKnownFileType = sourcecode.swift; path = 745.swift; sourceTree = "<group>"; };
		49606D0C28850295006CB30D /* 749.swift */ = {isa = PBXFileReference; fileEncoding = 4; lastKnownFileType = sourcecode.swift; path = 749.swift; sourceTree = "<group>"; };
		49606D0F28850295006CB30D /* 558.swift */ = {isa = PBXFileReference; fileEncoding = 4; lastKnownFileType = sourcecode.swift; path = 558.swift; sourceTree = "<group>"; };
		49606D1128850295006CB30D /* 565.swift */ = {isa = PBXFileReference; fileEncoding = 4; lastKnownFileType = sourcecode.swift; path = 565.swift; sourceTree = "<group>"; };
		49606D1428850295006CB30D /* 202.swift */ = {isa = PBXFileReference; fileEncoding = 4; lastKnownFileType = sourcecode.swift; path = 202.swift; sourceTree = "<group>"; };
		49606D1628850295006CB30D /* 235.swift */ = {isa = PBXFileReference; fileEncoding = 4; lastKnownFileType = sourcecode.swift; path = 235.swift; sourceTree = "<group>"; };
		49606D1728850295006CB30D /* 226.swift */ = {isa = PBXFileReference; fileEncoding = 4; lastKnownFileType = sourcecode.swift; path = 226.swift; sourceTree = "<group>"; };
		49606D1928850295006CB30D /* offer_ii_041.swift */ = {isa = PBXFileReference; fileEncoding = 4; lastKnownFileType = sourcecode.swift; path = offer_ii_041.swift; sourceTree = "<group>"; };
		49606D59288502C8006CB30D /* tests561_580.swift */ = {isa = PBXFileReference; fileEncoding = 4; lastKnownFileType = sourcecode.swift; path = tests561_580.swift; sourceTree = "<group>"; };
		49606D5B288502C8006CB30D /* tests741-760.swift */ = {isa = PBXFileReference; fileEncoding = 4; lastKnownFileType = sourcecode.swift; path = "tests741-760.swift"; sourceTree = "<group>"; };
		49606D5C288502C8006CB30D /* tests731_740.swift */ = {isa = PBXFileReference; fileEncoding = 4; lastKnownFileType = sourcecode.swift; path = tests731_740.swift; sourceTree = "<group>"; };
		49606D5E288502C8006CB30D /* tests041_060.swift */ = {isa = PBXFileReference; fileEncoding = 4; lastKnownFileType = sourcecode.swift; path = tests041_060.swift; sourceTree = "<group>"; };
		49606D5F288502C8006CB30D /* tests081_100.swift */ = {isa = PBXFileReference; fileEncoding = 4; lastKnownFileType = sourcecode.swift; path = tests081_100.swift; sourceTree = "<group>"; };
		49606D60288502C8006CB30D /* tests021_040.swift */ = {isa = PBXFileReference; fileEncoding = 4; lastKnownFileType = sourcecode.swift; path = tests021_040.swift; sourceTree = "<group>"; };
		49606D62288502C8006CB30D /* tests121-140.swift */ = {isa = PBXFileReference; fileEncoding = 4; lastKnownFileType = sourcecode.swift; path = "tests121-140.swift"; sourceTree = "<group>"; };
		49606D63288502C8006CB30D /* tests101_120.swift */ = {isa = PBXFileReference; fileEncoding = 4; lastKnownFileType = sourcecode.swift; path = tests101_120.swift; sourceTree = "<group>"; };
		49606D6C2885032E006CB30D /* README.md */ = {isa = PBXFileReference; fileEncoding = 4; lastKnownFileType = net.daringfireball.markdown; path = README.md; sourceTree = "<group>"; };
		49606D6E28852B78006CB30D /* 15.swift */ = {isa = PBXFileReference; lastKnownFileType = sourcecode.swift; path = 15.swift; sourceTree = "<group>"; };
		49606D7028852FC8006CB30D /* 16.swift */ = {isa = PBXFileReference; lastKnownFileType = sourcecode.swift; path = 16.swift; sourceTree = "<group>"; };
		49606D7228853505006CB30D /* 18.swift */ = {isa = PBXFileReference; lastKnownFileType = sourcecode.swift; path = 18.swift; sourceTree = "<group>"; };
		49606D74288536CE006CB30D /* tests001-020.swift */ = {isa = PBXFileReference; lastKnownFileType = sourcecode.swift; path = "tests001-020.swift"; sourceTree = "<group>"; };
		49606D76288538D0006CB30D /* 22.swift */ = {isa = PBXFileReference; lastKnownFileType = sourcecode.swift; path = 22.swift; sourceTree = "<group>"; };
		49606D7D2885444B006CB30D /* 190.swift */ = {isa = PBXFileReference; lastKnownFileType = sourcecode.swift; path = 190.swift; sourceTree = "<group>"; };
		49606D7F288546D9006CB30D /* 191.swift */ = {isa = PBXFileReference; lastKnownFileType = sourcecode.swift; path = 191.swift; sourceTree = "<group>"; };
		49606D8128854C4F006CB30D /* 203.swift */ = {isa = PBXFileReference; lastKnownFileType = sourcecode.swift; path = 203.swift; sourceTree = "<group>"; };
		49606D8328855B09006CB30D /* 205.swift */ = {isa = PBXFileReference; lastKnownFileType = sourcecode.swift; path = 205.swift; sourceTree = "<group>"; };
		49606D8528855F93006CB30D /* 206.swift */ = {isa = PBXFileReference; lastKnownFileType = sourcecode.swift; path = 206.swift; sourceTree = "<group>"; };
		49606D872885645C006CB30D /* 219.swift */ = {isa = PBXFileReference; lastKnownFileType = sourcecode.swift; path = 219.swift; sourceTree = "<group>"; };
/* End PBXFileReference section */

/* Begin PBXFrameworksBuildPhase section */
		49606CA92885026C006CB30D /* Frameworks */ = {
			isa = PBXFrameworksBuildPhase;
			buildActionMask = 2147483647;
			files = (
			);
			runOnlyForDeploymentPostprocessing = 0;
		};
		49606CB32885026D006CB30D /* Frameworks */ = {
			isa = PBXFrameworksBuildPhase;
			buildActionMask = 2147483647;
			files = (
				49606CB72885026D006CB30D /* leetcodes_swift.framework in Frameworks */,
			);
			runOnlyForDeploymentPostprocessing = 0;
		};
/* End PBXFrameworksBuildPhase section */

/* Begin PBXGroup section */
		49606CA22885026C006CB30D = {
			isa = PBXGroup;
			children = (
				49606D6C2885032E006CB30D /* README.md */,
				49606CAE2885026C006CB30D /* leetcodes-swift */,
				49606CBA2885026D006CB30D /* leetcodes-swiftTests */,
				49606CAD2885026C006CB30D /* Products */,
			);
			sourceTree = "<group>";
		};
		49606CAD2885026C006CB30D /* Products */ = {
			isa = PBXGroup;
			children = (
				49606CAC2885026C006CB30D /* leetcodes_swift.framework */,
				49606CB62885026D006CB30D /* leetcodes-swiftTests.xctest */,
			);
			name = Products;
			sourceTree = "<group>";
		};
		49606CAE2885026C006CB30D /* leetcodes-swift */ = {
			isa = PBXGroup;
			children = (
				49606CCC28850295006CB30D /* 001-100 */,
				49606CED28850295006CB30D /* 101-200 */,
				49606D1228850295006CB30D /* 201-300 */,
				49606D0D28850295006CB30D /* 501-600 */,
				49606CC928850295006CB30D /* 601-700 */,
				49606D0728850295006CB30D /* 701-800 */,
				49606CC628850295006CB30D /* 1201-1400 */,
				49606D1828850295006CB30D /* offer_ii */,
				49606CAF2885026C006CB30D /* leetcodes_swift.h */,
				49606CB02885026C006CB30D /* leetcodes_swift.docc */,
			);
			path = "leetcodes-swift";
			sourceTree = "<group>";
		};
		49606CBA2885026D006CB30D /* leetcodes-swiftTests */ = {
			isa = PBXGroup;
			children = (
				49606D5D288502C8006CB30D /* 001-100 */,
				49606D61288502C8006CB30D /* 101-200 */,
				49606D58288502C8006CB30D /* 501-600 */,
				49606D5A288502C8006CB30D /* 701-800 */,
				49606CBB2885026D006CB30D /* leetcodes_swiftTests.swift */,
			);
			path = "leetcodes-swiftTests";
			sourceTree = "<group>";
		};
		49606CC628850295006CB30D /* 1201-1400 */ = {
			isa = PBXGroup;
			children = (
				49606CC728850295006CB30D /* 1241-1260 */,
			);
			path = "1201-1400";
			sourceTree = "<group>";
		};
		49606CC728850295006CB30D /* 1241-1260 */ = {
			isa = PBXGroup;
			children = (
				49606CC828850295006CB30D /* 1252.swift */,
			);
			path = "1241-1260";
			sourceTree = "<group>";
		};
		49606CC928850295006CB30D /* 601-700 */ = {
			isa = PBXGroup;
			children = (
				49606CCA28850295006CB30D /* 671-680 */,
			);
			path = "601-700";
			sourceTree = "<group>";
		};
		49606CCA28850295006CB30D /* 671-680 */ = {
			isa = PBXGroup;
			children = (
				49606CCB28850295006CB30D /* 676.swift */,
			);
			path = "671-680";
			sourceTree = "<group>";
		};
		49606CCC28850295006CB30D /* 001-100 */ = {
			isa = PBXGroup;
			children = (
				49606CD228850295006CB30D /* 01-20 */,
				49606CDE28850295006CB30D /* 21-40 */,
				49606CD528850295006CB30D /* 41-60 */,
				49606CCD28850295006CB30D /* 61-80 */,
				49606CE828850295006CB30D /* 81-100 */,
			);
			path = "001-100";
			sourceTree = "<group>";
		};
		49606CCD28850295006CB30D /* 61-80 */ = {
			isa = PBXGroup;
			children = (
				49606CCE28850295006CB30D /* 66.swift */,
				49606CCF28850295006CB30D /* 67.swift */,
				49606CD028850295006CB30D /* 69.swift */,
				49606CD128850295006CB30D /* 70.swift */,
			);
			path = "61-80";
			sourceTree = "<group>";
		};
		49606CD228850295006CB30D /* 01-20 */ = {
			isa = PBXGroup;
			children = (
				49606CD328850295006CB30D /* 1.swift */,
				49606D6E28852B78006CB30D /* 15.swift */,
				49606D7028852FC8006CB30D /* 16.swift */,
				49606D7228853505006CB30D /* 18.swift */,
				49606CD428850295006CB30D /* 20.swift */,
			);
			path = "01-20";
			sourceTree = "<group>";
		};
		49606CD528850295006CB30D /* 41-60 */ = {
			isa = PBXGroup;
			children = (
				49606CD628850295006CB30D /* 46.swift */,
				49606CD728850295006CB30D /* 47.swift */,
				49606CDB28850295006CB30D /* 48.swift */,
				49606CDA28850295006CB30D /* 49.swift */,
				49606CDC28850295006CB30D /* 51.swift */,
				49606CD928850295006CB30D /* 52.swift */,
				49606CDD28850295006CB30D /* 53.swift */,
				49606CD828850295006CB30D /* 58.swift */,
			);
			path = "41-60";
			sourceTree = "<group>";
		};
		49606CDE28850295006CB30D /* 21-40 */ = {
			isa = PBXGroup;
			children = (
				49606D76288538D0006CB30D /* 22.swift */,
				49606CE128850295006CB30D /* 24.swift */,
				49606CE028850295006CB30D /* 25.swift */,
				49606CE228850295006CB30D /* 26.swift */,
				49606CDF28850295006CB30D /* 27.swift */,
				49606CE528850295006CB30D /* 28.swift */,
				49606CE728850295006CB30D /* 30.swift */,
				49606CE328850295006CB30D /* 35.swift */,
				49606CE628850295006CB30D /* 36.swift */,
				49606CE428850295006CB30D /* 37.swift */,
			);
			path = "21-40";
			sourceTree = "<group>";
		};
		49606CE828850295006CB30D /* 81-100 */ = {
			isa = PBXGroup;
			children = (
				49606CE928850295006CB30D /* 83.swift */,
				49606CEC28850295006CB30D /* 88.swift */,
				49606CEA28850295006CB30D /* 94.swift */,
				49606CEB28850295006CB30D /* 100.swift */,
			);
			path = "81-100";
			sourceTree = "<group>";
		};
		49606CED28850295006CB30D /* 101-200 */ = {
			isa = PBXGroup;
			children = (
				49606CF428850295006CB30D /* 101-120 */,
				49606CFF28850295006CB30D /* 121-140 */,
				49606CEE28850295006CB30D /* 141-160 */,
				49606D0328850295006CB30D /* 161-180 */,
				49606D7C28854428006CB30D /* 181-200 */,
			);
			path = "101-200";
			sourceTree = "<group>";
		};
		49606CEE28850295006CB30D /* 141-160 */ = {
			isa = PBXGroup;
			children = (
				49606CEF28850295006CB30D /* 141.swift */,
				49606CF028850295006CB30D /* 145.swift */,
				49606CF128850295006CB30D /* 142.swift */,
				49606CF228850295006CB30D /* 144.swift */,
				49606CF328850295006CB30D /* 160.swift */,
			);
			path = "141-160";
			sourceTree = "<group>";
		};
		49606CF428850295006CB30D /* 101-120 */ = {
			isa = PBXGroup;
			children = (
				49606CF528850295006CB30D /* 112.swift */,
				49606CF628850295006CB30D /* 110.swift */,
				49606CF728850295006CB30D /* 108.swift */,
				49606CF828850295006CB30D /* 111.swift */,
				49606CF928850295006CB30D /* 104.swift */,
				49606CFA28850295006CB30D /* 119.swift */,
				49606CFB28850295006CB30D /* 102.swift */,
				49606CFC28850295006CB30D /* 103.swift */,
				49606CFD28850295006CB30D /* 101.swift */,
				49606CFE28850295006CB30D /* 118.swift */,
			);
			path = "101-120";
			sourceTree = "<group>";
		};
		49606CFF28850295006CB30D /* 121-140 */ = {
			isa = PBXGroup;
			children = (
				49606D0028850295006CB30D /* 136.swift */,
				49606D0128850295006CB30D /* 121.swift */,
				49606D0228850295006CB30D /* 125.swift */,
			);
			path = "121-140";
			sourceTree = "<group>";
		};
		49606D0328850295006CB30D /* 161-180 */ = {
			isa = PBXGroup;
			children = (
				49606D0428850295006CB30D /* 171.swift */,
				49606D0528850295006CB30D /* 168.swift */,
				49606D0628850295006CB30D /* 169.swift */,
			);
			path = "161-180";
			sourceTree = "<group>";
		};
		49606D0728850295006CB30D /* 701-800 */ = {
			isa = PBXGroup;
			children = (
				49606D0828850295006CB30D /* 731-740 */,
				49606D0A28850295006CB30D /* 741-760 */,
			);
			path = "701-800";
			sourceTree = "<group>";
		};
		49606D0828850295006CB30D /* 731-740 */ = {
			isa = PBXGroup;
			children = (
				49606D0928850295006CB30D /* 735.swift */,
			);
			path = "731-740";
			sourceTree = "<group>";
		};
		49606D0A28850295006CB30D /* 741-760 */ = {
			isa = PBXGroup;
			children = (
				49606D0B28850295006CB30D /* 745.swift */,
				49606D0C28850295006CB30D /* 749.swift */,
			);
			path = "741-760";
			sourceTree = "<group>";
		};
		49606D0D28850295006CB30D /* 501-600 */ = {
			isa = PBXGroup;
			children = (
				49606D0E28850295006CB30D /* 541-560 */,
				49606D1028850295006CB30D /* 561-580 */,
			);
			path = "501-600";
			sourceTree = "<group>";
		};
		49606D0E28850295006CB30D /* 541-560 */ = {
			isa = PBXGroup;
			children = (
				49606D0F28850295006CB30D /* 558.swift */,
			);
			path = "541-560";
			sourceTree = "<group>";
		};
		49606D1028850295006CB30D /* 561-580 */ = {
			isa = PBXGroup;
			children = (
				49606D1128850295006CB30D /* 565.swift */,
			);
			path = "561-580";
			sourceTree = "<group>";
		};
		49606D1228850295006CB30D /* 201-300 */ = {
			isa = PBXGroup;
			children = (
				49606D1328850295006CB30D /* 201-220 */,
				49606D1528850295006CB30D /* 221-240 */,
			);
			path = "201-300";
			sourceTree = "<group>";
		};
		49606D1328850295006CB30D /* 201-220 */ = {
			isa = PBXGroup;
			children = (
				49606D1428850295006CB30D /* 202.swift */,
				49606D8128854C4F006CB30D /* 203.swift */,
				49606D8328855B09006CB30D /* 205.swift */,
				49606D8528855F93006CB30D /* 206.swift */,
				49606D872885645C006CB30D /* 219.swift */,
			);
			path = "201-220";
			sourceTree = "<group>";
		};
		49606D1528850295006CB30D /* 221-240 */ = {
			isa = PBXGroup;
			children = (
				49606D1728850295006CB30D /* 226.swift */,
				49606D1628850295006CB30D /* 235.swift */,
			);
			path = "221-240";
			sourceTree = "<group>";
		};
		49606D1828850295006CB30D /* offer_ii */ = {
			isa = PBXGroup;
			children = (
				49606D1928850295006CB30D /* offer_ii_041.swift */,
			);
			path = offer_ii;
			sourceTree = "<group>";
		};
		49606D58288502C8006CB30D /* 501-600 */ = {
			isa = PBXGroup;
			children = (
				49606D59288502C8006CB30D /* tests561_580.swift */,
			);
			path = "501-600";
			sourceTree = "<group>";
		};
		49606D5A288502C8006CB30D /* 701-800 */ = {
			isa = PBXGroup;
			children = (
				49606D5C288502C8006CB30D /* tests731_740.swift */,
				49606D5B288502C8006CB30D /* tests741-760.swift */,
			);
			path = "701-800";
			sourceTree = "<group>";
		};
		49606D5D288502C8006CB30D /* 001-100 */ = {
			isa = PBXGroup;
			children = (
				49606D74288536CE006CB30D /* tests001-020.swift */,
				49606D60288502C8006CB30D /* tests021_040.swift */,
				49606D5E288502C8006CB30D /* tests041_060.swift */,
				49606D5F288502C8006CB30D /* tests081_100.swift */,
			);
			path = "001-100";
			sourceTree = "<group>";
		};
		49606D61288502C8006CB30D /* 101-200 */ = {
			isa = PBXGroup;
			children = (
				49606D62288502C8006CB30D /* tests121-140.swift */,
				49606D63288502C8006CB30D /* tests101_120.swift */,
			);
			path = "101-200";
			sourceTree = "<group>";
		};
		49606D7C28854428006CB30D /* 181-200 */ = {
			isa = PBXGroup;
			children = (
				49606D7D2885444B006CB30D /* 190.swift */,
				49606D7F288546D9006CB30D /* 191.swift */,
			);
			path = "181-200";
			sourceTree = "<group>";
		};
/* End PBXGroup section */

/* Begin PBXHeadersBuildPhase section */
		49606CA72885026C006CB30D /* Headers */ = {
			isa = PBXHeadersBuildPhase;
			buildActionMask = 2147483647;
			files = (
				49606CBD2885026D006CB30D /* leetcodes_swift.h in Headers */,
			);
			runOnlyForDeploymentPostprocessing = 0;
		};
/* End PBXHeadersBuildPhase section */

/* Begin PBXNativeTarget section */
		49606CAB2885026C006CB30D /* leetcodes-swift */ = {
			isa = PBXNativeTarget;
			buildConfigurationList = 49606CC02885026D006CB30D /* Build configuration list for PBXNativeTarget "leetcodes-swift" */;
			buildPhases = (
				49606CA72885026C006CB30D /* Headers */,
				49606CA82885026C006CB30D /* Sources */,
				49606CA92885026C006CB30D /* Frameworks */,
				49606CAA2885026C006CB30D /* Resources */,
			);
			buildRules = (
			);
			dependencies = (
			);
			name = "leetcodes-swift";
			productName = "leetcodes-swift";
			productReference = 49606CAC2885026C006CB30D /* leetcodes_swift.framework */;
			productType = "com.apple.product-type.framework";
		};
		49606CB52885026D006CB30D /* leetcodes-swiftTests */ = {
			isa = PBXNativeTarget;
			buildConfigurationList = 49606CC32885026D006CB30D /* Build configuration list for PBXNativeTarget "leetcodes-swiftTests" */;
			buildPhases = (
				49606CB22885026D006CB30D /* Sources */,
				49606CB32885026D006CB30D /* Frameworks */,
				49606CB42885026D006CB30D /* Resources */,
			);
			buildRules = (
			);
			dependencies = (
				49606CB92885026D006CB30D /* PBXTargetDependency */,
			);
			name = "leetcodes-swiftTests";
			productName = "leetcodes-swiftTests";
			productReference = 49606CB62885026D006CB30D /* leetcodes-swiftTests.xctest */;
			productType = "com.apple.product-type.bundle.unit-test";
		};
/* End PBXNativeTarget section */

/* Begin PBXProject section */
		49606CA32885026C006CB30D /* Project object */ = {
			isa = PBXProject;
			attributes = {
				BuildIndependentTargetsInParallel = 1;
				LastSwiftUpdateCheck = 1400;
				LastUpgradeCheck = 1400;
				TargetAttributes = {
					49606CAB2885026C006CB30D = {
						CreatedOnToolsVersion = 14.0;
					};
					49606CB52885026D006CB30D = {
						CreatedOnToolsVersion = 14.0;
					};
				};
			};
			buildConfigurationList = 49606CA62885026C006CB30D /* Build configuration list for PBXProject "leetcodes-swift" */;
			compatibilityVersion = "Xcode 14.0";
			developmentRegion = en;
			hasScannedForEncodings = 0;
			knownRegions = (
				en,
				Base,
			);
			mainGroup = 49606CA22885026C006CB30D;
			productRefGroup = 49606CAD2885026C006CB30D /* Products */;
			projectDirPath = "";
			projectRoot = "";
			targets = (
				49606CAB2885026C006CB30D /* leetcodes-swift */,
				49606CB52885026D006CB30D /* leetcodes-swiftTests */,
			);
		};
/* End PBXProject section */

/* Begin PBXResourcesBuildPhase section */
		49606CAA2885026C006CB30D /* Resources */ = {
			isa = PBXResourcesBuildPhase;
			buildActionMask = 2147483647;
			files = (
			);
			runOnlyForDeploymentPostprocessing = 0;
		};
		49606CB42885026D006CB30D /* Resources */ = {
			isa = PBXResourcesBuildPhase;
			buildActionMask = 2147483647;
			files = (
				49606D6D2885032E006CB30D /* README.md in Resources */,
			);
			runOnlyForDeploymentPostprocessing = 0;
		};
/* End PBXResourcesBuildPhase section */

/* Begin PBXSourcesBuildPhase section */
		49606CA82885026C006CB30D /* Sources */ = {
			isa = PBXSourcesBuildPhase;
			buildActionMask = 2147483647;
			files = (
				49606D2F28850295006CB30D /* 37.swift in Sources */,
				49606D4228850295006CB30D /* 102.swift in Sources */,
				49606D4428850295006CB30D /* 101.swift in Sources */,
				49606D4028850295006CB30D /* 104.swift in Sources */,
				49606CB12885026C006CB30D /* leetcodes_swift.docc in Sources */,
				49606D1F28850295006CB30D /* 70.swift in Sources */,
				49606D3E28850295006CB30D /* 108.swift in Sources */,
				49606D8428855B09006CB30D /* 205.swift in Sources */,
				49606D77288538D0006CB30D /* 22.swift in Sources */,
				49606D3F28850295006CB30D /* 111.swift in Sources */,
				49606D8628855F93006CB30D /* 206.swift in Sources */,
				49606D7128852FC8006CB30D /* 16.swift in Sources */,
				49606D2A28850295006CB30D /* 27.swift in Sources */,
				49606D3C28850295006CB30D /* 112.swift in Sources */,
				49606D2128850295006CB30D /* 20.swift in Sources */,
				49606D3028850295006CB30D /* 28.swift in Sources */,
				49606D5328850295006CB30D /* 226.swift in Sources */,
				49606D7E2885444B006CB30D /* 190.swift in Sources */,
				49606D5028850295006CB30D /* 565.swift in Sources */,
				49606D2228850295006CB30D /* 46.swift in Sources */,
				49606D4728850295006CB30D /* 121.swift in Sources */,
				49606D2D28850295006CB30D /* 26.swift in Sources */,
				49606D5228850295006CB30D /* 235.swift in Sources */,
				49606D3428850295006CB30D /* 94.swift in Sources */,
				49606D7328853505006CB30D /* 18.swift in Sources */,
				49606D6F28852B78006CB30D /* 15.swift in Sources */,
				49606D1B28850295006CB30D /* 676.swift in Sources */,
				49606D8228854C4F006CB30D /* 203.swift in Sources */,
				49606D2928850295006CB30D /* 53.swift in Sources */,
				49606D4F28850295006CB30D /* 558.swift in Sources */,
				49606D3A28850295006CB30D /* 144.swift in Sources */,
				49606D2528850295006CB30D /* 52.swift in Sources */,
				49606D3D28850295006CB30D /* 110.swift in Sources */,
				49606D2328850295006CB30D /* 47.swift in Sources */,
				49606D4128850295006CB30D /* 119.swift in Sources */,
				49606D4C28850295006CB30D /* 735.swift in Sources */,
				49606D2028850295006CB30D /* 1.swift in Sources */,
				49606D3128850295006CB30D /* 36.swift in Sources */,
				49606D3528850295006CB30D /* 100.swift in Sources */,
				49606D2728850295006CB30D /* 48.swift in Sources */,
				49606D4D28850295006CB30D /* 745.swift in Sources */,
				49606D2828850295006CB30D /* 51.swift in Sources */,
				49606D882885645C006CB30D /* 219.swift in Sources */,
				49606D4828850295006CB30D /* 125.swift in Sources */,
				49606D3928850295006CB30D /* 142.swift in Sources */,
				49606D4E28850295006CB30D /* 749.swift in Sources */,
				49606D3B28850295006CB30D /* 160.swift in Sources */,
				49606D3228850295006CB30D /* 30.swift in Sources */,
				49606D1E28850295006CB30D /* 69.swift in Sources */,
				49606D5428850295006CB30D /* offer_ii_041.swift in Sources */,
				49606D4B28850295006CB30D /* 169.swift in Sources */,
				49606D4528850295006CB30D /* 118.swift in Sources */,
				49606D5128850295006CB30D /* 202.swift in Sources */,
				49606D2C28850295006CB30D /* 24.swift in Sources */,
				49606D4A28850295006CB30D /* 168.swift in Sources */,
				49606D2E28850295006CB30D /* 35.swift in Sources */,
				49606D4928850295006CB30D /* 171.swift in Sources */,
				49606D3328850295006CB30D /* 83.swift in Sources */,
				49606D3728850295006CB30D /* 141.swift in Sources */,
				49606D3628850295006CB30D /* 88.swift in Sources */,
				49606D2428850295006CB30D /* 58.swift in Sources */,
				49606D80288546D9006CB30D /* 191.swift in Sources */,
				49606D2628850295006CB30D /* 49.swift in Sources */,
				49606D4328850295006CB30D /* 103.swift in Sources */,
				49606D1A28850295006CB30D /* 1252.swift in Sources */,
				49606D1D28850295006CB30D /* 67.swift in Sources */,
				49606D4628850295006CB30D /* 136.swift in Sources */,
				49606D2B28850295006CB30D /* 25.swift in Sources */,
				49606D3828850295006CB30D /* 145.swift in Sources */,
				49606D1C28850295006CB30D /* 66.swift in Sources */,
			);
			runOnlyForDeploymentPostprocessing = 0;
		};
		49606CB22885026D006CB30D /* Sources */ = {
			isa = PBXSourcesBuildPhase;
			buildActionMask = 2147483647;
			files = (
				49606D64288502C8006CB30D /* tests561_580.swift in Sources */,
				49606D66288502C8006CB30D /* tests731_740.swift in Sources */,
				49606CBC2885026D006CB30D /* leetcodes_swiftTests.swift in Sources */,
				49606D67288502C8006CB30D /* tests041_060.swift in Sources */,
				49606D6B288502C8006CB30D /* tests101_120.swift in Sources */,
				49606D69288502C8006CB30D /* tests021_040.swift in Sources */,
				49606D75288536CE006CB30D /* tests001-020.swift in Sources */,
				49606D65288502C8006CB30D /* tests741-760.swift in Sources */,
				49606D6A288502C8006CB30D /* tests121-140.swift in Sources */,
				49606D68288502C8006CB30D /* tests081_100.swift in Sources */,
			);
			runOnlyForDeploymentPostprocessing = 0;
		};
/* End PBXSourcesBuildPhase section */

/* Begin PBXTargetDependency section */
		49606CB92885026D006CB30D /* PBXTargetDependency */ = {
			isa = PBXTargetDependency;
			target = 49606CAB2885026C006CB30D /* leetcodes-swift */;
			targetProxy = 49606CB82885026D006CB30D /* PBXContainerItemProxy */;
		};
/* End PBXTargetDependency section */

/* Begin XCBuildConfiguration section */
		49606CBE2885026D006CB30D /* Debug */ = {
			isa = XCBuildConfiguration;
			buildSettings = {
				ALWAYS_SEARCH_USER_PATHS = NO;
				CLANG_ANALYZER_NONNULL = YES;
				CLANG_ANALYZER_NUMBER_OBJECT_CONVERSION = YES_AGGRESSIVE;
				CLANG_CXX_LANGUAGE_STANDARD = "gnu++17";
				CLANG_ENABLE_MODULES = YES;
				CLANG_ENABLE_OBJC_ARC = YES;
				CLANG_ENABLE_OBJC_WEAK = YES;
				CLANG_WARN_BLOCK_CAPTURE_AUTORELEASING = YES;
				CLANG_WARN_BOOL_CONVERSION = YES;
				CLANG_WARN_COMMA = YES;
				CLANG_WARN_CONSTANT_CONVERSION = YES;
				CLANG_WARN_DEPRECATED_OBJC_IMPLEMENTATIONS = YES;
				CLANG_WARN_DIRECT_OBJC_ISA_USAGE = YES_ERROR;
				CLANG_WARN_DOCUMENTATION_COMMENTS = YES;
				CLANG_WARN_EMPTY_BODY = YES;
				CLANG_WARN_ENUM_CONVERSION = YES;
				CLANG_WARN_INFINITE_RECURSION = YES;
				CLANG_WARN_INT_CONVERSION = YES;
				CLANG_WARN_NON_LITERAL_NULL_CONVERSION = YES;
				CLANG_WARN_OBJC_IMPLICIT_RETAIN_SELF = YES;
				CLANG_WARN_OBJC_LITERAL_CONVERSION = YES;
				CLANG_WARN_OBJC_ROOT_CLASS = YES_ERROR;
				CLANG_WARN_QUOTED_INCLUDE_IN_FRAMEWORK_HEADER = YES;
				CLANG_WARN_RANGE_LOOP_ANALYSIS = YES;
				CLANG_WARN_STRICT_PROTOTYPES = YES;
				CLANG_WARN_SUSPICIOUS_MOVE = YES;
				CLANG_WARN_UNGUARDED_AVAILABILITY = YES_AGGRESSIVE;
				CLANG_WARN_UNREACHABLE_CODE = YES;
				CLANG_WARN__DUPLICATE_METHOD_MATCH = YES;
				COPY_PHASE_STRIP = NO;
				CURRENT_PROJECT_VERSION = 1;
				DEBUG_INFORMATION_FORMAT = dwarf;
				ENABLE_STRICT_OBJC_MSGSEND = YES;
				ENABLE_TESTABILITY = YES;
				GCC_C_LANGUAGE_STANDARD = gnu11;
				GCC_DYNAMIC_NO_PIC = NO;
				GCC_NO_COMMON_BLOCKS = YES;
				GCC_OPTIMIZATION_LEVEL = 0;
				GCC_PREPROCESSOR_DEFINITIONS = (
					"DEBUG=1",
					"$(inherited)",
				);
				GCC_WARN_64_TO_32_BIT_CONVERSION = YES;
				GCC_WARN_ABOUT_RETURN_TYPE = YES_ERROR;
				GCC_WARN_UNDECLARED_SELECTOR = YES;
				GCC_WARN_UNINITIALIZED_AUTOS = YES_AGGRESSIVE;
				GCC_WARN_UNUSED_FUNCTION = YES;
				GCC_WARN_UNUSED_VARIABLE = YES;
				MACOSX_DEPLOYMENT_TARGET = 13.0;
				MTL_ENABLE_DEBUG_INFO = INCLUDE_SOURCE;
				MTL_FAST_MATH = YES;
				ONLY_ACTIVE_ARCH = YES;
				SDKROOT = macosx;
				SWIFT_ACTIVE_COMPILATION_CONDITIONS = DEBUG;
				SWIFT_OPTIMIZATION_LEVEL = "-Onone";
				VERSIONING_SYSTEM = "apple-generic";
				VERSION_INFO_PREFIX = "";
			};
			name = Debug;
		};
		49606CBF2885026D006CB30D /* Release */ = {
			isa = XCBuildConfiguration;
			buildSettings = {
				ALWAYS_SEARCH_USER_PATHS = NO;
				CLANG_ANALYZER_NONNULL = YES;
				CLANG_ANALYZER_NUMBER_OBJECT_CONVERSION = YES_AGGRESSIVE;
				CLANG_CXX_LANGUAGE_STANDARD = "gnu++17";
				CLANG_ENABLE_MODULES = YES;
				CLANG_ENABLE_OBJC_ARC = YES;
				CLANG_ENABLE_OBJC_WEAK = YES;
				CLANG_WARN_BLOCK_CAPTURE_AUTORELEASING = YES;
				CLANG_WARN_BOOL_CONVERSION = YES;
				CLANG_WARN_COMMA = YES;
				CLANG_WARN_CONSTANT_CONVERSION = YES;
				CLANG_WARN_DEPRECATED_OBJC_IMPLEMENTATIONS = YES;
				CLANG_WARN_DIRECT_OBJC_ISA_USAGE = YES_ERROR;
				CLANG_WARN_DOCUMENTATION_COMMENTS = YES;
				CLANG_WARN_EMPTY_BODY = YES;
				CLANG_WARN_ENUM_CONVERSION = YES;
				CLANG_WARN_INFINITE_RECURSION = YES;
				CLANG_WARN_INT_CONVERSION = YES;
				CLANG_WARN_NON_LITERAL_NULL_CONVERSION = YES;
				CLANG_WARN_OBJC_IMPLICIT_RETAIN_SELF = YES;
				CLANG_WARN_OBJC_LITERAL_CONVERSION = YES;
				CLANG_WARN_OBJC_ROOT_CLASS = YES_ERROR;
				CLANG_WARN_QUOTED_INCLUDE_IN_FRAMEWORK_HEADER = YES;
				CLANG_WARN_RANGE_LOOP_ANALYSIS = YES;
				CLANG_WARN_STRICT_PROTOTYPES = YES;
				CLANG_WARN_SUSPICIOUS_MOVE = YES;
				CLANG_WARN_UNGUARDED_AVAILABILITY = YES_AGGRESSIVE;
				CLANG_WARN_UNREACHABLE_CODE = YES;
				CLANG_WARN__DUPLICATE_METHOD_MATCH = YES;
				COPY_PHASE_STRIP = NO;
				CURRENT_PROJECT_VERSION = 1;
				DEBUG_INFORMATION_FORMAT = "dwarf-with-dsym";
				ENABLE_NS_ASSERTIONS = NO;
				ENABLE_STRICT_OBJC_MSGSEND = YES;
				GCC_C_LANGUAGE_STANDARD = gnu11;
				GCC_NO_COMMON_BLOCKS = YES;
				GCC_WARN_64_TO_32_BIT_CONVERSION = YES;
				GCC_WARN_ABOUT_RETURN_TYPE = YES_ERROR;
				GCC_WARN_UNDECLARED_SELECTOR = YES;
				GCC_WARN_UNINITIALIZED_AUTOS = YES_AGGRESSIVE;
				GCC_WARN_UNUSED_FUNCTION = YES;
				GCC_WARN_UNUSED_VARIABLE = YES;
				MACOSX_DEPLOYMENT_TARGET = 13.0;
				MTL_ENABLE_DEBUG_INFO = NO;
				MTL_FAST_MATH = YES;
				SDKROOT = macosx;
				SWIFT_COMPILATION_MODE = wholemodule;
				SWIFT_OPTIMIZATION_LEVEL = "-O";
				VERSIONING_SYSTEM = "apple-generic";
				VERSION_INFO_PREFIX = "";
			};
			name = Release;
		};
		49606CC12885026D006CB30D /* Debug */ = {
			isa = XCBuildConfiguration;
			buildSettings = {
				CODE_SIGN_STYLE = Automatic;
				COMBINE_HIDPI_IMAGES = YES;
				CURRENT_PROJECT_VERSION = 1;
				DEFINES_MODULE = YES;
				DEVELOPMENT_TEAM = MYB5299FCX;
				DYLIB_COMPATIBILITY_VERSION = 1;
				DYLIB_CURRENT_VERSION = 1;
				DYLIB_INSTALL_NAME_BASE = "@rpath";
				GENERATE_INFOPLIST_FILE = YES;
				INFOPLIST_KEY_NSHumanReadableCopyright = "";
				INSTALL_PATH = "$(LOCAL_LIBRARY_DIR)/Frameworks";
				LD_RUNPATH_SEARCH_PATHS = (
					"$(inherited)",
					"@executable_path/../Frameworks",
					"@loader_path/Frameworks",
				);
				MARKETING_VERSION = 1.0;
				PRODUCT_BUNDLE_IDENTIFIER = "com.wttch.leetcodes-swift";
				PRODUCT_NAME = "$(TARGET_NAME:c99extidentifier)";
				SKIP_INSTALL = YES;
				SWIFT_EMIT_LOC_STRINGS = YES;
				SWIFT_VERSION = 5.0;
			};
			name = Debug;
		};
		49606CC22885026D006CB30D /* Release */ = {
			isa = XCBuildConfiguration;
			buildSettings = {
				CODE_SIGN_STYLE = Automatic;
				COMBINE_HIDPI_IMAGES = YES;
				CURRENT_PROJECT_VERSION = 1;
				DEFINES_MODULE = YES;
				DEVELOPMENT_TEAM = MYB5299FCX;
				DYLIB_COMPATIBILITY_VERSION = 1;
				DYLIB_CURRENT_VERSION = 1;
				DYLIB_INSTALL_NAME_BASE = "@rpath";
				GENERATE_INFOPLIST_FILE = YES;
				INFOPLIST_KEY_NSHumanReadableCopyright = "";
				INSTALL_PATH = "$(LOCAL_LIBRARY_DIR)/Frameworks";
				LD_RUNPATH_SEARCH_PATHS = (
					"$(inherited)",
					"@executable_path/../Frameworks",
					"@loader_path/Frameworks",
				);
				MARKETING_VERSION = 1.0;
				PRODUCT_BUNDLE_IDENTIFIER = "com.wttch.leetcodes-swift";
				PRODUCT_NAME = "$(TARGET_NAME:c99extidentifier)";
				SKIP_INSTALL = YES;
				SWIFT_EMIT_LOC_STRINGS = YES;
				SWIFT_VERSION = 5.0;
			};
			name = Release;
		};
		49606CC42885026D006CB30D /* Debug */ = {
			isa = XCBuildConfiguration;
			buildSettings = {
				ALWAYS_EMBED_SWIFT_STANDARD_LIBRARIES = YES;
				CODE_SIGN_STYLE = Automatic;
				CURRENT_PROJECT_VERSION = 1;
				DEVELOPMENT_TEAM = MYB5299FCX;
				GENERATE_INFOPLIST_FILE = YES;
				MARKETING_VERSION = 1.0;
				PRODUCT_BUNDLE_IDENTIFIER = "com.wttch.leetcodes-swiftTests";
				PRODUCT_NAME = "$(TARGET_NAME)";
				SWIFT_EMIT_LOC_STRINGS = NO;
				SWIFT_VERSION = 5.0;
			};
			name = Debug;
		};
		49606CC52885026D006CB30D /* Release */ = {
			isa = XCBuildConfiguration;
			buildSettings = {
				ALWAYS_EMBED_SWIFT_STANDARD_LIBRARIES = YES;
				CODE_SIGN_STYLE = Automatic;
				CURRENT_PROJECT_VERSION = 1;
				DEVELOPMENT_TEAM = MYB5299FCX;
				GENERATE_INFOPLIST_FILE = YES;
				MARKETING_VERSION = 1.0;
				PRODUCT_BUNDLE_IDENTIFIER = "com.wttch.leetcodes-swiftTests";
				PRODUCT_NAME = "$(TARGET_NAME)";
				SWIFT_EMIT_LOC_STRINGS = NO;
				SWIFT_VERSION = 5.0;
			};
			name = Release;
		};
/* End XCBuildConfiguration section */

/* Begin XCConfigurationList section */
		49606CA62885026C006CB30D /* Build configuration list for PBXProject "leetcodes-swift" */ = {
			isa = XCConfigurationList;
			buildConfigurations = (
				49606CBE2885026D006CB30D /* Debug */,
				49606CBF2885026D006CB30D /* Release */,
			);
			defaultConfigurationIsVisible = 0;
			defaultConfigurationName = Release;
		};
		49606CC02885026D006CB30D /* Build configuration list for PBXNativeTarget "leetcodes-swift" */ = {
			isa = XCConfigurationList;
			buildConfigurations = (
				49606CC12885026D006CB30D /* Debug */,
				49606CC22885026D006CB30D /* Release */,
			);
			defaultConfigurationIsVisible = 0;
			defaultConfigurationName = Release;
		};
		49606CC32885026D006CB30D /* Build configuration list for PBXNativeTarget "leetcodes-swiftTests" */ = {
			isa = XCConfigurationList;
			buildConfigurations = (
				49606CC42885026D006CB30D /* Debug */,
				49606CC52885026D006CB30D /* Release */,
			);
			defaultConfigurationIsVisible = 0;
			defaultConfigurationName = Release;
		};
/* End XCConfigurationList section */
	};
	rootObject = 49606CA32885026C006CB30D /* Project object */;
}
