// !$*UTF8*$!
{
	archiveVersion = 1;
	classes = {
	};
	objectVersion = 56;
	objects = {

/* Begin PBXBuildFile section */
		49606CB12885026C006CB30D /* leetcodes_swift.docc in Sources */ = {isa = PBXBuildFile; fileRef = 49606CB02885026C006CB30D /* leetcodes_swift.docc */; };
		49606CB72885026D006CB30D /* leetcodes_swift.framework in Frameworks */ = {isa = PBXBuildFile; fileRef = 49606CAC2885026C006CB30D /* leetcodes_swift.framework */; };
		49606CBC2885026D006CB30D /* leetcodes_swiftTests.swift in Sources */ = {isa = PBXBuildFile; fileRef = 49606CBB2885026D006CB30D /* leetcodes_swiftTests.swift */; };
		49606CBD2885026D006CB30D /* leetcodes_swift.h in Headers */ = {isa = PBXBuildFile; fileRef = 49606CAF2885026C006CB30D /* leetcodes_swift.h */; settings = {ATTRIBUTES = (Public, ); }; };
		49606D1A28850295006CB30D /* 1252.swift in Sources */ = {isa = PBXBuildFile; fileRef = 49606CC828850295006CB30D /* 1252.swift */; };
		49606D1B28850295006CB30D /* 676.swift in Sources */ = {isa = PBXBuildFile; fileRef = 49606CCB28850295006CB30D /* 676.swift */; };
		49606D1C28850295006CB30D /* 66.swift in Sources */ = {isa = PBXBuildFile; fileRef = 49606CCE28850295006CB30D /* 66.swift */; };
		49606D1D28850295006CB30D /* 67.swift in Sources */ = {isa = PBXBuildFile; fileRef = 49606CCF28850295006CB30D /* 67.swift */; };
		49606D1E28850295006CB30D /* 69.swift in Sources */ = {isa = PBXBuildFile; fileRef = 49606CD028850295006CB30D /* 69.swift */; };
		49606D1F28850295006CB30D /* 70.swift in Sources */ = {isa = PBXBuildFile; fileRef = 49606CD128850295006CB30D /* 70.swift */; };
		49606D2028850295006CB30D /* 1.swift in Sources */ = {isa = PBXBuildFile; fileRef = 49606CD328850295006CB30D /* 1.swift */; };
		49606D2128850295006CB30D /* 20.swift in Sources */ = {isa = PBXBuildFile; fileRef = 49606CD428850295006CB30D /* 20.swift */; };
		49606D2228850295006CB30D /* 46.swift in Sources */ = {isa = PBXBuildFile; fileRef = 49606CD628850295006CB30D /* 46.swift */; };
		49606D2328850295006CB30D /* 47.swift in Sources */ = {isa = PBXBuildFile; fileRef = 49606CD728850295006CB30D /* 47.swift */; };
		49606D2428850295006CB30D /* 58.swift in Sources */ = {isa = PBXBuildFile; fileRef = 49606CD828850295006CB30D /* 58.swift */; };
		49606D2528850295006CB30D /* 52.swift in Sources */ = {isa = PBXBuildFile; fileRef = 49606CD928850295006CB30D /* 52.swift */; };
		49606D2628850295006CB30D /* 49.swift in Sources */ = {isa = PBXBuildFile; fileRef = 49606CDA28850295006CB30D /* 49.swift */; };
		49606D2728850295006CB30D /* 48.swift in Sources */ = {isa = PBXBuildFile; fileRef = 49606CDB28850295006CB30D /* 48.swift */; };
		49606D2828850295006CB30D /* 51.swift in Sources */ = {isa = PBXBuildFile; fileRef = 49606CDC28850295006CB30D /* 51.swift */; };
		49606D2928850295006CB30D /* 53.swift in Sources */ = {isa = PBXBuildFile; fileRef = 49606CDD28850295006CB30D /* 53.swift */; };
		49606D2A28850295006CB30D /* 27.swift in Sources */ = {isa = PBXBuildFile; fileRef = 49606CDF28850295006CB30D /* 27.swift */; };
		49606D2B28850295006CB30D /* 25.swift in Sources */ = {isa = PBXBuildFile; fileRef = 49606CE028850295006CB30D /* 25.swift */; };
		49606D2C28850295006CB30D /* 24.swift in Sources */ = {isa = PBXBuildFile; fileRef = 49606CE128850295006CB30D /* 24.swift */; };
		49606D2D28850295006CB30D /* 26.swift in Sources */ = {isa = PBXBuildFile; fileRef = 49606CE228850295006CB30D /* 26.swift */; };
		49606D2E28850295006CB30D /* 35.swift in Sources */ = {isa = PBXBuildFile; fileRef = 49606CE328850295006CB30D /* 35.swift */; };
		49606D2F28850295006CB30D /* 37.swift in Sources */ = {isa = PBXBuildFile; fileRef = 49606CE428850295006CB30D /* 37.swift */; };
		49606D3028850295006CB30D /* 28.swift in Sources */ = {isa = PBXBuildFile; fileRef = 49606CE528850295006CB30D /* 28.swift */; };
		49606D3128850295006CB30D /* 36.swift in Sources */ = {isa = PBXBuildFile; fileRef = 49606CE628850295006CB30D /* 36.swift */; };
		49606D3228850295006CB30D /* 30.swift in Sources */ = {isa = PBXBuildFile; fileRef = 49606CE728850295006CB30D /* 30.swift */; };
		49606D3328850295006CB30D /* 83.swift in Sources */ = {isa = PBXBuildFile; fileRef = 49606CE928850295006CB30D /* 83.swift */; };
		49606D3428850295006CB30D /* 94.swift in Sources */ = {isa = PBXBuildFile; fileRef = 49606CEA28850295006CB30D /* 94.swift */; };
		49606D3528850295006CB30D /* 100.swift in Sources */ = {isa = PBXBuildFile; fileRef = 49606CEB28850295006CB30D /* 100.swift */; };
		49606D3628850295006CB30D /* 88.swift in Sources */ = {isa = PBXBuildFile; fileRef = 49606CEC28850295006CB30D /* 88.swift */; };
		49606D3728850295006CB30D /* 141.swift in Sources */ = {isa = PBXBuildFile; fileRef = 49606CEF28850295006CB30D /* 141.swift */; };
		49606D3828850295006CB30D /* 145.swift in Sources */ = {isa = PBXBuildFile; fileRef = 49606CF028850295006CB30D /* 145.swift */; };
		49606D3928850295006CB30D /* 142.swift in Sources */ = {isa = PBXBuildFile; fileRef = 49606CF128850295006CB30D /* 142.swift */; };
		49606D3A28850295006CB30D /* 144.swift in Sources */ = {isa = PBXBuildFile; fileRef = 49606CF228850295006CB30D /* 144.swift */; };
		49606D3B28850295006CB30D /* 160.swift in Sources */ = {isa = PBXBuildFile; fileRef = 49606CF328850295006CB30D /* 160.swift */; };
		49606D3C28850295006CB30D /* 112.swift in Sources */ = {isa = PBXBuildFile; fileRef = 49606CF528850295006CB30D /* 112.swift */; };
		49606D3D28850295006CB30D /* 110.swift in Sources */ = {isa = PBXBuildFile; fileRef = 49606CF628850295006CB30D /* 110.swift */; };
		49606D3E28850295006CB30D /* 108.swift in Sources */ = {isa = PBXBuildFile; fileRef = 49606CF728850295006CB30D /* 108.swift */; };
		49606D3F28850295006CB30D /* 111.swift in Sources */ = {isa = PBXBuildFile; fileRef = 49606CF828850295006CB30D /* 111.swift */; };
		49606D4028850295006CB30D /* 104.swift in Sources */ = {isa = PBXBuildFile; fileRef = 49606CF928850295006CB30D /* 104.swift */; };
		49606D4128850295006CB30D /* 119.swift in Sources */ = {isa = PBXBuildFile; fileRef = 49606CFA28850295006CB30D /* 119.swift */; };
		49606D4228850295006CB30D /* 102.swift in Sources */ = {isa = PBXBuildFile; fileRef = 49606CFB28850295006CB30D /* 102.swift */; };
		49606D4328850295006CB30D /* 103.swift in Sources */ = {isa = PBXBuildFile; fileRef = 49606CFC28850295006CB30D /* 103.swift */; };
		49606D4428850295006CB30D /* 101.swift in Sources */ = {isa = PBXBuildFile; fileRef = 49606CFD28850295006CB30D /* 101.swift */; };
		49606D4528850295006CB30D /* 118.swift in Sources */ = {isa = PBXBuildFile; fileRef = 49606CFE28850295006CB30D /* 118.swift */; };
		49606D4628850295006CB30D /* 136.swift in Sources */ = {isa = PBXBuildFile; fileRef = 49606D0028850295006CB30D /* 136.swift */; };
		49606D4728850295006CB30D /* 121.swift in Sources */ = {isa = PBXBuildFile; fileRef = 49606D0128850295006CB30D /* 121.swift */; };
		49606D4828850295006CB30D /* 125.swift in Sources */ = {isa = PBXBuildFile; fileRef = 49606D0228850295006CB30D /* 125.swift */; };
		49606D4928850295006CB30D /* 171.swift in Sources */ = {isa = PBXBuildFile; fileRef = 49606D0428850295006CB30D /* 171.swift */; };
		49606D4A28850295006CB30D /* 168.swift in Sources */ = {isa = PBXBuildFile; fileRef = 49606D0528850295006CB30D /* 168.swift */; };
		49606D4B28850295006CB30D /* 169.swift in Sources */ = {isa = PBXBuildFile; fileRef = 49606D0628850295006CB30D /* 169.swift */; };
		49606D4C28850295006CB30D /* 735.swift in Sources */ = {isa = PBXBuildFile; fileRef = 49606D0928850295006CB30D /* 735.swift */; };
		49606D4D28850295006CB30D /* 745.swift in Sources */ = {isa = PBXBuildFile; fileRef = 49606D0B28850295006CB30D /* 745.swift */; };
		49606D4E28850295006CB30D /* 749.swift in Sources */ = {isa = PBXBuildFile; fileRef = 49606D0C28850295006CB30D /* 749.swift */; };
		49606D4F28850295006CB30D /* 558.swift in Sources */ = {isa = PBXBuildFile; fileRef = 49606D0F28850295006CB30D /* 558.swift */; };
		49606D5028850295006CB30D /* 565.swift in Sources */ = {isa = PBXBuildFile; fileRef = 49606D1128850295006CB30D /* 565.swift */; };
		49606D5128850295006CB30D /* 202.swift in Sources */ = {isa = PBXBuildFile; fileRef = 49606D1428850295006CB30D /* 202.swift */; };
		49606D5228850295006CB30D /* 235.swift in Sources */ = {isa = PBXBuildFile; fileRef = 49606D1628850295006CB30D /* 235.swift */; };
		49606D5328850295006CB30D /* 226.swift in Sources */ = {isa = PBXBuildFile; fileRef = 49606D1728850295006CB30D /* 226.swift */; };
		49606D5428850295006CB30D /* offer_ii_041.swift in Sources */ = {isa = PBXBuildFile; fileRef = 49606D1928850295006CB30D /* offer_ii_041.swift */; };
		49606D64288502C8006CB30D /* tests561_580.swift in Sources */ = {isa = PBXBuildFile; fileRef = 49606D59288502C8006CB30D /* tests561_580.swift */; };
		49606D65288502C8006CB30D /* tests741_760.swift in Sources */ = {isa = PBXBuildFile; fileRef = 49606D5B288502C8006CB30D /* tests741_760.swift */; };
		49606D66288502C8006CB30D /* tests731_740.swift in Sources */ = {isa = PBXBuildFile; fileRef = 49606D5C288502C8006CB30D /* tests731_740.swift */; };
		49606D67288502C8006CB30D /* tests041_060.swift in Sources */ = {isa = PBXBuildFile; fileRef = 49606D5E288502C8006CB30D /* tests041_060.swift */; };
		49606D68288502C8006CB30D /* tests081_100.swift in Sources */ = {isa = PBXBuildFile; fileRef = 49606D5F288502C8006CB30D /* tests081_100.swift */; };
		49606D69288502C8006CB30D /* tests021_040.swift in Sources */ = {isa = PBXBuildFile; fileRef = 49606D60288502C8006CB30D /* tests021_040.swift */; };
		49606D6A288502C8006CB30D /* tests121-140.swift in Sources */ = {isa = PBXBuildFile; fileRef = 49606D62288502C8006CB30D /* tests121-140.swift */; };
		49606D6B288502C8006CB30D /* tests101_120.swift in Sources */ = {isa = PBXBuildFile; fileRef = 49606D63288502C8006CB30D /* tests101_120.swift */; };
		49606D6D2885032E006CB30D /* README.md in Resources */ = {isa = PBXBuildFile; fileRef = 49606D6C2885032E006CB30D /* README.md */; };
		49606D6F28852B78006CB30D /* 15.swift in Sources */ = {isa = PBXBuildFile; fileRef = 49606D6E28852B78006CB30D /* 15.swift */; };
		49606D7128852FC8006CB30D /* 16.swift in Sources */ = {isa = PBXBuildFile; fileRef = 49606D7028852FC8006CB30D /* 16.swift */; };
		49606D7328853505006CB30D /* 18.swift in Sources */ = {isa = PBXBuildFile; fileRef = 49606D7228853505006CB30D /* 18.swift */; };
		49606D75288536CE006CB30D /* tests001-020.swift in Sources */ = {isa = PBXBuildFile; fileRef = 49606D74288536CE006CB30D /* tests001-020.swift */; };
		49606D77288538D0006CB30D /* 22.swift in Sources */ = {isa = PBXBuildFile; fileRef = 49606D76288538D0006CB30D /* 22.swift */; };
		49606D7E2885444B006CB30D /* 190.swift in Sources */ = {isa = PBXBuildFile; fileRef = 49606D7D2885444B006CB30D /* 190.swift */; };
		49606D80288546D9006CB30D /* 191.swift in Sources */ = {isa = PBXBuildFile; fileRef = 49606D7F288546D9006CB30D /* 191.swift */; };
		49606D8228854C4F006CB30D /* 203.swift in Sources */ = {isa = PBXBuildFile; fileRef = 49606D8128854C4F006CB30D /* 203.swift */; };
		49606D8428855B09006CB30D /* 205.swift in Sources */ = {isa = PBXBuildFile; fileRef = 49606D8328855B09006CB30D /* 205.swift */; };
		49606D8628855F93006CB30D /* 206.swift in Sources */ = {isa = PBXBuildFile; fileRef = 49606D8528855F93006CB30D /* 206.swift */; };
		49606D882885645C006CB30D /* 219.swift in Sources */ = {isa = PBXBuildFile; fileRef = 49606D872885645C006CB30D /* 219.swift */; };
		49606D8A288566E7006CB30D /* 225.swift in Sources */ = {isa = PBXBuildFile; fileRef = 49606D89288566E7006CB30D /* 225.swift */; };
		49606D8D28856975006CB30D /* tests221-240.swift in Sources */ = {isa = PBXBuildFile; fileRef = 49606D8C28856975006CB30D /* tests221-240.swift */; };
		49606D8F28857044006CB30D /* 228.swift in Sources */ = {isa = PBXBuildFile; fileRef = 49606D8E28857044006CB30D /* 228.swift */; };
		49606D912885734D006CB30D /* 232.swift in Sources */ = {isa = PBXBuildFile; fileRef = 49606D902885734D006CB30D /* 232.swift */; };
		49606D93288646FD006CB30D /* 731.swift in Sources */ = {isa = PBXBuildFile; fileRef = 49606D92288646FD006CB30D /* 731.swift */; };
		49606D9528868425006CB30D /* 29.swift in Sources */ = {isa = PBXBuildFile; fileRef = 49606D9428868425006CB30D /* 29.swift */; };
		49606D9728868DDA006CB30D /* 34.swift in Sources */ = {isa = PBXBuildFile; fileRef = 49606D9628868DDA006CB30D /* 34.swift */; };
		49606D9A28869C7E006CB30D /* 704.swift in Sources */ = {isa = PBXBuildFile; fileRef = 49606D9928869C7E006CB30D /* 704.swift */; };
		49606D9C2886A029006CB30D /* 239.swift in Sources */ = {isa = PBXBuildFile; fileRef = 49606D9B2886A029006CB30D /* 239.swift */; };
		49606DA02886A72E006CB30D /* 341.swift in Sources */ = {isa = PBXBuildFile; fileRef = 49606D9F2886A72E006CB30D /* 341.swift */; };
		49606DA22886B9FD006CB30D /* 32.swift in Sources */ = {isa = PBXBuildFile; fileRef = 49606DA12886B9FD006CB30D /* 32.swift */; };
		49606DA42887A561006CB30D /* 1260.swift in Sources */ = {isa = PBXBuildFile; fileRef = 49606DA32887A561006CB30D /* 1260.swift */; };
		49606DA62887DCAF006CB30D /* 33.swift in Sources */ = {isa = PBXBuildFile; fileRef = 49606DA52887DCAF006CB30D /* 33.swift */; };
		49606DA82887EA49006CB30D /* 31.swift in Sources */ = {isa = PBXBuildFile; fileRef = 49606DA72887EA49006CB30D /* 31.swift */; };
		4962B12628881030006FE4EC /* 38.swift in Sources */ = {isa = PBXBuildFile; fileRef = 4962B12528881030006FE4EC /* 38.swift */; };
		4962B12A2888E97B006FE4EC /* 814.swift in Sources */ = {isa = PBXBuildFile; fileRef = 4962B1292888E97B006FE4EC /* 814.swift */; };
		4962B12D2888ED6E006FE4EC /* 873.swift in Sources */ = {isa = PBXBuildFile; fileRef = 4962B12C2888ED6E006FE4EC /* 873.swift */; };
		4964647E2888F4F900EBFAD7 /* tests861-880.swift in Sources */ = {isa = PBXBuildFile; fileRef = 4964647D2888F4F900EBFAD7 /* tests861-880.swift */; };
		496464802889032000EBFAD7 /* 39.swift in Sources */ = {isa = PBXBuildFile; fileRef = 4964647F2889032000EBFAD7 /* 39.swift */; };
		4964648228891C1800EBFAD7 /* 40.swift in Sources */ = {isa = PBXBuildFile; fileRef = 4964648128891C1800EBFAD7 /* 40.swift */; };
		496464842889266100EBFAD7 /* 41.swift in Sources */ = {isa = PBXBuildFile; fileRef = 496464832889266100EBFAD7 /* 41.swift */; };
		4964648628893AAE00EBFAD7 /* 42.swift in Sources */ = {isa = PBXBuildFile; fileRef = 4964648528893AAE00EBFAD7 /* 42.swift */; };
		496464882889420D00EBFAD7 /* 43.swift in Sources */ = {isa = PBXBuildFile; fileRef = 496464872889420D00EBFAD7 /* 43.swift */; };
		4964648A28895B4E00EBFAD7 /* 45.swift in Sources */ = {isa = PBXBuildFile; fileRef = 4964648928895B4E00EBFAD7 /* 45.swift */; };
		4964648C28896F1400EBFAD7 /* 54.swift in Sources */ = {isa = PBXBuildFile; fileRef = 4964648B28896F1400EBFAD7 /* 54.swift */; };
		4964648E288A3D2300EBFAD7 /* 757.swift in Sources */ = {isa = PBXBuildFile; fileRef = 4964648D288A3D2300EBFAD7 /* 757.swift */; };
		49646490288A4C4300EBFAD7 /* 55.swift in Sources */ = {isa = PBXBuildFile; fileRef = 4964648F288A4C4300EBFAD7 /* 55.swift */; };
		49646492288A542600EBFAD7 /* 56.swift in Sources */ = {isa = PBXBuildFile; fileRef = 49646491288A542600EBFAD7 /* 56.swift */; };
		49646494288A5B1400EBFAD7 /* 57.swift in Sources */ = {isa = PBXBuildFile; fileRef = 49646493288A5B1400EBFAD7 /* 57.swift */; };
		49646496288A67BC00EBFAD7 /* 44.swift in Sources */ = {isa = PBXBuildFile; fileRef = 49646495288A67BC00EBFAD7 /* 44.swift */; };
		49646498288A7E1E00EBFAD7 /* 59.swift in Sources */ = {isa = PBXBuildFile; fileRef = 49646497288A7E1E00EBFAD7 /* 59.swift */; };
		49697A66288E31090045D27E /* 76.swift in Sources */ = {isa = PBXBuildFile; fileRef = 49697A65288E31090045D27E /* 76.swift */; };
		49697A68288E628F0045D27E /* 84.swift in Sources */ = {isa = PBXBuildFile; fileRef = 49697A67288E628F0045D27E /* 84.swift */; };
		49697A6A288E738B0045D27E /* 79.swift in Sources */ = {isa = PBXBuildFile; fileRef = 49697A69288E738B0045D27E /* 79.swift */; };
		49697A6C288E93670045D27E /* 81.swift in Sources */ = {isa = PBXBuildFile; fileRef = 49697A6B288E93670045D27E /* 81.swift */; };
		49697A6E288E9C0F0045D27E /* 82.swift in Sources */ = {isa = PBXBuildFile; fileRef = 49697A6D288E9C0F0045D27E /* 82.swift */; };
		4988D4AC288AFEE3006297B7 /* 257.swift in Sources */ = {isa = PBXBuildFile; fileRef = 4988D4AB288AFEE3006297B7 /* 257.swift */; };
		4988D4AF288B0142006297B7 /* 263.swift in Sources */ = {isa = PBXBuildFile; fileRef = 4988D4AE288B0142006297B7 /* 263.swift */; };
		4988D4B1288B03D1006297B7 /* 231.swift in Sources */ = {isa = PBXBuildFile; fileRef = 4988D4B0288B03D1006297B7 /* 231.swift */; };
		4988D4B3288B06E7006297B7 /* 268.swift in Sources */ = {isa = PBXBuildFile; fileRef = 4988D4B2288B06E7006297B7 /* 268.swift */; };
		4988D4B8288B089E006297B7 /* 283.swift in Sources */ = {isa = PBXBuildFile; fileRef = 4988D4B7288B089E006297B7 /* 283.swift */; };
		4988D4BA288B0A31006297B7 /* 237.swift in Sources */ = {isa = PBXBuildFile; fileRef = 4988D4B9288B0A31006297B7 /* 237.swift */; };
		4988D4BC288BD382006297B7 /* offer_ii_115.swift in Sources */ = {isa = PBXBuildFile; fileRef = 4988D4BB288BD382006297B7 /* offer_ii_115.swift */; };
		4988D4BF288BD6E2006297B7 /* tests_offer_ii_101_120.swift in Sources */ = {isa = PBXBuildFile; fileRef = 4988D4BE288BD6E2006297B7 /* tests_offer_ii_101_120.swift */; };
		4988D4C1288BDBA4006297B7 /* 65.swift in Sources */ = {isa = PBXBuildFile; fileRef = 4988D4C0288BDBA4006297B7 /* 65.swift */; };
		4988D4C3288BDD0E006297B7 /* 71.swift in Sources */ = {isa = PBXBuildFile; fileRef = 4988D4C2288BDD0E006297B7 /* 71.swift */; };
		4988D4C5288BE0CD006297B7 /* 73.swift in Sources */ = {isa = PBXBuildFile; fileRef = 4988D4C4288BE0CD006297B7 /* 73.swift */; };
		4988D4C7288BE3EB006297B7 /* 74.swift in Sources */ = {isa = PBXBuildFile; fileRef = 4988D4C6288BE3EB006297B7 /* 74.swift */; };
		4988D4C9288BE7F9006297B7 /* 75.swift in Sources */ = {isa = PBXBuildFile; fileRef = 4988D4C8288BE7F9006297B7 /* 75.swift */; };
		4988D4CB288BEBD1006297B7 /* 77.swift in Sources */ = {isa = PBXBuildFile; fileRef = 4988D4CA288BEBD1006297B7 /* 77.swift */; };
		4988D4CD288BF478006297B7 /* 107.swift in Sources */ = {isa = PBXBuildFile; fileRef = 4988D4CC288BF478006297B7 /* 107.swift */; };
		4988D4CF288C2812006297B7 /* 68.swift in Sources */ = {isa = PBXBuildFile; fileRef = 4988D4CE288C2812006297B7 /* 68.swift */; };
		4988D4D1288C31CB006297B7 /* 72.swift in Sources */ = {isa = PBXBuildFile; fileRef = 4988D4D0288C31CB006297B7 /* 72.swift */; };
		4988D4D3288C377F006297B7 /* 80.swift in Sources */ = {isa = PBXBuildFile; fileRef = 4988D4D2288C377F006297B7 /* 80.swift */; };
		4988D4D9288CF33D006297B7 /* 1184.swift in Sources */ = {isa = PBXBuildFile; fileRef = 4988D4D8288CF33D006297B7 /* 1184.swift */; };
		4988D4DB288DA33B006297B7 /* 78.swift in Sources */ = {isa = PBXBuildFile; fileRef = 4988D4DA288DA33B006297B7 /* 78.swift */; };
		4988D4DF288DA81D006297B7 /* 919.swift in Sources */ = {isa = PBXBuildFile; fileRef = 4988D4DE288DA81D006297B7 /* 919.swift */; };
		4988D4E1288DAEAA006297B7 /* 90.swift in Sources */ = {isa = PBXBuildFile; fileRef = 4988D4E0288DAEAA006297B7 /* 90.swift */; };
		4988D4E3288DAFE8006297B7 /* 120.swift in Sources */ = {isa = PBXBuildFile; fileRef = 4988D4E2288DAFE8006297B7 /* 120.swift */; };
		49AAD4E4288A86460002EDBB /* 60.swift in Sources */ = {isa = PBXBuildFile; fileRef = 49AAD4E3288A86460002EDBB /* 60.swift */; };
		49AAD4E6288A9F500002EDBB /* 62.swift in Sources */ = {isa = PBXBuildFile; fileRef = 49AAD4E5288A9F500002EDBB /* 62.swift */; };
		49AAD4E8288AA3FC0002EDBB /* tests061_080.swift in Sources */ = {isa = PBXBuildFile; fileRef = 49AAD4E7288AA3FC0002EDBB /* tests061_080.swift */; };
		49AAD4EC288AAB4D0002EDBB /* 63.swift in Sources */ = {isa = PBXBuildFile; fileRef = 49AAD4EB288AAB4D0002EDBB /* 63.swift */; };
		49AAD4EE288AAF470002EDBB /* 64.swift in Sources */ = {isa = PBXBuildFile; fileRef = 49AAD4ED288AAF470002EDBB /* 64.swift */; };
/* End PBXBuildFile section */

/* Begin PBXContainerItemProxy section */
		49606CB82885026D006CB30D /* PBXContainerItemProxy */ = {
			isa = PBXContainerItemProxy;
			containerPortal = 49606CA32885026C006CB30D /* Project object */;
			proxyType = 1;
			remoteGlobalIDString = 49606CAB2885026C006CB30D;
			remoteInfo = "leetcodes-swift";
		};
/* End PBXContainerItemProxy section */

/* Begin PBXFileReference section */
		49606CAC2885026C006CB30D /* leetcodes_swift.framework */ = {isa = PBXFileReference; explicitFileType = wrapper.framework; includeInIndex = 0; path = leetcodes_swift.framework; sourceTree = BUILT_PRODUCTS_DIR; };
		49606CAF2885026C006CB30D /* leetcodes_swift.h */ = {isa = PBXFileReference; lastKnownFileType = sourcecode.c.h; path = leetcodes_swift.h; sourceTree = "<group>"; };
		49606CB02885026C006CB30D /* leetcodes_swift.docc */ = {isa = PBXFileReference; lastKnownFileType = folder.documentationcatalog; path = leetcodes_swift.docc; sourceTree = "<group>"; };
		49606CB62885026D006CB30D /* leetcodes-swiftTests.xctest */ = {isa = PBXFileReference; explicitFileType = wrapper.cfbundle; includeInIndex = 0; path = "leetcodes-swiftTests.xctest"; sourceTree = BUILT_PRODUCTS_DIR; };
		49606CBB2885026D006CB30D /* leetcodes_swiftTests.swift */ = {isa = PBXFileReference; lastKnownFileType = sourcecode.swift; path = leetcodes_swiftTests.swift; sourceTree = "<group>"; };
		49606CC828850295006CB30D /* 1252.swift */ = {isa = PBXFileReference; fileEncoding = 4; lastKnownFileType = sourcecode.swift; path = 1252.swift; sourceTree = "<group>"; };
		49606CCB28850295006CB30D /* 676.swift */ = {isa = PBXFileReference; fileEncoding = 4; lastKnownFileType = sourcecode.swift; path = 676.swift; sourceTree = "<group>"; };
		49606CCE28850295006CB30D /* 66.swift */ = {isa = PBXFileReference; fileEncoding = 4; lastKnownFileType = sourcecode.swift; path = 66.swift; sourceTree = "<group>"; };
		49606CCF28850295006CB30D /* 67.swift */ = {isa = PBXFileReference; fileEncoding = 4; lastKnownFileType = sourcecode.swift; path = 67.swift; sourceTree = "<group>"; };
		49606CD028850295006CB30D /* 69.swift */ = {isa = PBXFileReference; fileEncoding = 4; lastKnownFileType = sourcecode.swift; path = 69.swift; sourceTree = "<group>"; };
		49606CD128850295006CB30D /* 70.swift */ = {isa = PBXFileReference; fileEncoding = 4; lastKnownFileType = sourcecode.swift; path = 70.swift; sourceTree = "<group>"; };
		49606CD328850295006CB30D /* 1.swift */ = {isa = PBXFileReference; fileEncoding = 4; lastKnownFileType = sourcecode.swift; path = 1.swift; sourceTree = "<group>"; };
		49606CD428850295006CB30D /* 20.swift */ = {isa = PBXFileReference; fileEncoding = 4; lastKnownFileType = sourcecode.swift; path = 20.swift; sourceTree = "<group>"; };
		49606CD628850295006CB30D /* 46.swift */ = {isa = PBXFileReference; fileEncoding = 4; lastKnownFileType = sourcecode.swift; path = 46.swift; sourceTree = "<group>"; };
		49606CD728850295006CB30D /* 47.swift */ = {isa = PBXFileReference; fileEncoding = 4; lastKnownFileType = sourcecode.swift; path = 47.swift; sourceTree = "<group>"; };
		49606CD828850295006CB30D /* 58.swift */ = {isa = PBXFileReference; fileEncoding = 4; lastKnownFileType = sourcecode.swift; path = 58.swift; sourceTree = "<group>"; };
		49606CD928850295006CB30D /* 52.swift */ = {isa = PBXFileReference; fileEncoding = 4; lastKnownFileType = sourcecode.swift; path = 52.swift; sourceTree = "<group>"; };
		49606CDA28850295006CB30D /* 49.swift */ = {isa = PBXFileReference; fileEncoding = 4; lastKnownFileType = sourcecode.swift; path = 49.swift; sourceTree = "<group>"; };
		49606CDB28850295006CB30D /* 48.swift */ = {isa = PBXFileReference; fileEncoding = 4; lastKnownFileType = sourcecode.swift; path = 48.swift; sourceTree = "<group>"; };
		49606CDC28850295006CB30D /* 51.swift */ = {isa = PBXFileReference; fileEncoding = 4; lastKnownFileType = sourcecode.swift; path = 51.swift; sourceTree = "<group>"; };
		49606CDD28850295006CB30D /* 53.swift */ = {isa = PBXFileReference; fileEncoding = 4; lastKnownFileType = sourcecode.swift; path = 53.swift; sourceTree = "<group>"; };
		49606CDF28850295006CB30D /* 27.swift */ = {isa = PBXFileReference; fileEncoding = 4; lastKnownFileType = sourcecode.swift; path = 27.swift; sourceTree = "<group>"; };
		49606CE028850295006CB30D /* 25.swift */ = {isa = PBXFileReference; fileEncoding = 4; lastKnownFileType = sourcecode.swift; path = 25.swift; sourceTree = "<group>"; };
		49606CE128850295006CB30D /* 24.swift */ = {isa = PBXFileReference; fileEncoding = 4; lastKnownFileType = sourcecode.swift; path = 24.swift; sourceTree = "<group>"; };
		49606CE228850295006CB30D /* 26.swift */ = {isa = PBXFileReference; fileEncoding = 4; lastKnownFileType = sourcecode.swift; path = 26.swift; sourceTree = "<group>"; };
		49606CE328850295006CB30D /* 35.swift */ = {isa = PBXFileReference; fileEncoding = 4; lastKnownFileType = sourcecode.swift; path = 35.swift; sourceTree = "<group>"; };
		49606CE428850295006CB30D /* 37.swift */ = {isa = PBXFileReference; fileEncoding = 4; lastKnownFileType = sourcecode.swift; path = 37.swift; sourceTree = "<group>"; };
		49606CE528850295006CB30D /* 28.swift */ = {isa = PBXFileReference; fileEncoding = 4; lastKnownFileType = sourcecode.swift; path = 28.swift; sourceTree = "<group>"; };
		49606CE628850295006CB30D /* 36.swift */ = {isa = PBXFileReference; fileEncoding = 4; lastKnownFileType = sourcecode.swift; path = 36.swift; sourceTree = "<group>"; };
		49606CE728850295006CB30D /* 30.swift */ = {isa = PBXFileReference; fileEncoding = 4; lastKnownFileType = sourcecode.swift; path = 30.swift; sourceTree = "<group>"; };
		49606CE928850295006CB30D /* 83.swift */ = {isa = PBXFileReference; fileEncoding = 4; lastKnownFileType = sourcecode.swift; path = 83.swift; sourceTree = "<group>"; };
		49606CEA28850295006CB30D /* 94.swift */ = {isa = PBXFileReference; fileEncoding = 4; lastKnownFileType = sourcecode.swift; path = 94.swift; sourceTree = "<group>"; };
		49606CEB28850295006CB30D /* 100.swift */ = {isa = PBXFileReference; fileEncoding = 4; lastKnownFileType = sourcecode.swift; path = 100.swift; sourceTree = "<group>"; };
		49606CEC28850295006CB30D /* 88.swift */ = {isa = PBXFileReference; fileEncoding = 4; lastKnownFileType = sourcecode.swift; path = 88.swift; sourceTree = "<group>"; };
		49606CEF28850295006CB30D /* 141.swift */ = {isa = PBXFileReference; fileEncoding = 4; lastKnownFileType = sourcecode.swift; path = 141.swift; sourceTree = "<group>"; };
		49606CF028850295006CB30D /* 145.swift */ = {isa = PBXFileReference; fileEncoding = 4; lastKnownFileType = sourcecode.swift; path = 145.swift; sourceTree = "<group>"; };
		49606CF128850295006CB30D /* 142.swift */ = {isa = PBXFileReference; fileEncoding = 4; lastKnownFileType = sourcecode.swift; path = 142.swift; sourceTree = "<group>"; };
		49606CF228850295006CB30D /* 144.swift */ = {isa = PBXFileReference; fileEncoding = 4; lastKnownFileType = sourcecode.swift; path = 144.swift; sourceTree = "<group>"; };
		49606CF328850295006CB30D /* 160.swift */ = {isa = PBXFileReference; fileEncoding = 4; lastKnownFileType = sourcecode.swift; path = 160.swift; sourceTree = "<group>"; };
		49606CF528850295006CB30D /* 112.swift */ = {isa = PBXFileReference; fileEncoding = 4; lastKnownFileType = sourcecode.swift; path = 112.swift; sourceTree = "<group>"; };
		49606CF628850295006CB30D /* 110.swift */ = {isa = PBXFileReference; fileEncoding = 4; lastKnownFileType = sourcecode.swift; path = 110.swift; sourceTree = "<group>"; };
		49606CF728850295006CB30D /* 108.swift */ = {isa = PBXFileReference; fileEncoding = 4; lastKnownFileType = sourcecode.swift; path = 108.swift; sourceTree = "<group>"; };
		49606CF828850295006CB30D /* 111.swift */ = {isa = PBXFileReference; fileEncoding = 4; lastKnownFileType = sourcecode.swift; path = 111.swift; sourceTree = "<group>"; };
		49606CF928850295006CB30D /* 104.swift */ = {isa = PBXFileReference; fileEncoding = 4; lastKnownFileType = sourcecode.swift; path = 104.swift; sourceTree = "<group>"; };
		49606CFA28850295006CB30D /* 119.swift */ = {isa = PBXFileReference; fileEncoding = 4; lastKnownFileType = sourcecode.swift; path = 119.swift; sourceTree = "<group>"; };
		49606CFB28850295006CB30D /* 102.swift */ = {isa = PBXFileReference; fileEncoding = 4; lastKnownFileType = sourcecode.swift; path = 102.swift; sourceTree = "<group>"; };
		49606CFC28850295006CB30D /* 103.swift */ = {isa = PBXFileReference; fileEncoding = 4; lastKnownFileType = sourcecode.swift; path = 103.swift; sourceTree = "<group>"; };
		49606CFD28850295006CB30D /* 101.swift */ = {isa = PBXFileReference; fileEncoding = 4; lastKnownFileType = sourcecode.swift; path = 101.swift; sourceTree = "<group>"; };
		49606CFE28850295006CB30D /* 118.swift */ = {isa = PBXFileReference; fileEncoding = 4; lastKnownFileType = sourcecode.swift; path = 118.swift; sourceTree = "<group>"; };
		49606D0028850295006CB30D /* 136.swift */ = {isa = PBXFileReference; fileEncoding = 4; lastKnownFileType = sourcecode.swift; path = 136.swift; sourceTree = "<group>"; };
		49606D0128850295006CB30D /* 121.swift */ = {isa = PBXFileReference; fileEncoding = 4; lastKnownFileType = sourcecode.swift; path = 121.swift; sourceTree = "<group>"; };
		49606D0228850295006CB30D /* 125.swift */ = {isa = PBXFileReference; fileEncoding = 4; lastKnownFileType = sourcecode.swift; path = 125.swift; sourceTree = "<group>"; };
		49606D0428850295006CB30D /* 171.swift */ = {isa = PBXFileReference; fileEncoding = 4; lastKnownFileType = sourcecode.swift; path = 171.swift; sourceTree = "<group>"; };
		49606D0528850295006CB30D /* 168.swift */ = {isa = PBXFileReference; fileEncoding = 4; lastKnownFileType = sourcecode.swift; path = 168.swift; sourceTree = "<group>"; };
		49606D0628850295006CB30D /* 169.swift */ = {isa = PBXFileReference; fileEncoding = 4; lastKnownFileType = sourcecode.swift; path = 169.swift; sourceTree = "<group>"; };
		49606D0928850295006CB30D /* 735.swift */ = {isa = PBXFileReference; fileEncoding = 4; lastKnownFileType = sourcecode.swift; path = 735.swift; sourceTree = "<group>"; };
		49606D0B28850295006CB30D /* 745.swift */ = {isa = PBXFileReference; fileEncoding = 4; lastKnownFileType = sourcecode.swift; path = 745.swift; sourceTree = "<group>"; };
		49606D0C28850295006CB30D /* 749.swift */ = {isa = PBXFileReference; fileEncoding = 4; lastKnownFileType = sourcecode.swift; path = 749.swift; sourceTree = "<group>"; };
		49606D0F28850295006CB30D /* 558.swift */ = {isa = PBXFileReference; fileEncoding = 4; lastKnownFileType = sourcecode.swift; path = 558.swift; sourceTree = "<group>"; };
		49606D1128850295006CB30D /* 565.swift */ = {isa = PBXFileReference; fileEncoding = 4; lastKnownFileType = sourcecode.swift; path = 565.swift; sourceTree = "<group>"; };
		49606D1428850295006CB30D /* 202.swift */ = {isa = PBXFileReference; fileEncoding = 4; lastKnownFileType = sourcecode.swift; path = 202.swift; sourceTree = "<group>"; };
		49606D1628850295006CB30D /* 235.swift */ = {isa = PBXFileReference; fileEncoding = 4; lastKnownFileType = sourcecode.swift; path = 235.swift; sourceTree = "<group>"; };
		49606D1728850295006CB30D /* 226.swift */ = {isa = PBXFileReference; fileEncoding = 4; lastKnownFileType = sourcecode.swift; path = 226.swift; sourceTree = "<group>"; };
		49606D1928850295006CB30D /* offer_ii_041.swift */ = {isa = PBXFileReference; fileEncoding = 4; lastKnownFileType = sourcecode.swift; path = offer_ii_041.swift; sourceTree = "<group>"; };
		49606D59288502C8006CB30D /* tests561_580.swift */ = {isa = PBXFileReference; fileEncoding = 4; lastKnownFileType = sourcecode.swift; path = tests561_580.swift; sourceTree = "<group>"; };
		49606D5B288502C8006CB30D /* tests741_760.swift */ = {isa = PBXFileReference; fileEncoding = 4; lastKnownFileType = sourcecode.swift; path = tests741_760.swift; sourceTree = "<group>"; };
		49606D5C288502C8006CB30D /* tests731_740.swift */ = {isa = PBXFileReference; fileEncoding = 4; lastKnownFileType = sourcecode.swift; path = tests731_740.swift; sourceTree = "<group>"; };
		49606D5E288502C8006CB30D /* tests041_060.swift */ = {isa = PBXFileReference; fileEncoding = 4; lastKnownFileType = sourcecode.swift; path = tests041_060.swift; sourceTree = "<group>"; };
		49606D5F288502C8006CB30D /* tests081_100.swift */ = {isa = PBXFileReference; fileEncoding = 4; lastKnownFileType = sourcecode.swift; path = tests081_100.swift; sourceTree = "<group>"; };
		49606D60288502C8006CB30D /* tests021_040.swift */ = {isa = PBXFileReference; fileEncoding = 4; lastKnownFileType = sourcecode.swift; path = tests021_040.swift; sourceTree = "<group>"; };
		49606D62288502C8006CB30D /* tests121-140.swift */ = {isa = PBXFileReference; fileEncoding = 4; lastKnownFileType = sourcecode.swift; path = "tests121-140.swift"; sourceTree = "<group>"; };
		49606D63288502C8006CB30D /* tests101_120.swift */ = {isa = PBXFileReference; fileEncoding = 4; lastKnownFileType = sourcecode.swift; path = tests101_120.swift; sourceTree = "<group>"; };
		49606D6C2885032E006CB30D /* README.md */ = {isa = PBXFileReference; fileEncoding = 4; lastKnownFileType = net.daringfireball.markdown; path = README.md; sourceTree = "<group>"; };
		49606D6E28852B78006CB30D /* 15.swift */ = {isa = PBXFileReference; lastKnownFileType = sourcecode.swift; path = 15.swift; sourceTree = "<group>"; };
		49606D7028852FC8006CB30D /* 16.swift */ = {isa = PBXFileReference; lastKnownFileType = sourcecode.swift; path = 16.swift; sourceTree = "<group>"; };
		49606D7228853505006CB30D /* 18.swift */ = {isa = PBXFileReference; lastKnownFileType = sourcecode.swift; path = 18.swift; sourceTree = "<group>"; };
		49606D74288536CE006CB30D /* tests001-020.swift */ = {isa = PBXFileReference; lastKnownFileType = sourcecode.swift; path = "tests001-020.swift"; sourceTree = "<group>"; };
		49606D76288538D0006CB30D /* 22.swift */ = {isa = PBXFileReference; lastKnownFileType = sourcecode.swift; path = 22.swift; sourceTree = "<group>"; };
		49606D7D2885444B006CB30D /* 190.swift */ = {isa = PBXFileReference; lastKnownFileType = sourcecode.swift; path = 190.swift; sourceTree = "<group>"; };
		49606D7F288546D9006CB30D /* 191.swift */ = {isa = PBXFileReference; lastKnownFileType = sourcecode.swift; path = 191.swift; sourceTree = "<group>"; };
		49606D8128854C4F006CB30D /* 203.swift */ = {isa = PBXFileReference; lastKnownFileType = sourcecode.swift; path = 203.swift; sourceTree = "<group>"; };
		49606D8328855B09006CB30D /* 205.swift */ = {isa = PBXFileReference; lastKnownFileType = sourcecode.swift; path = 205.swift; sourceTree = "<group>"; };
		49606D8528855F93006CB30D /* 206.swift */ = {isa = PBXFileReference; lastKnownFileType = sourcecode.swift; path = 206.swift; sourceTree = "<group>"; };
		49606D872885645C006CB30D /* 219.swift */ = {isa = PBXFileReference; lastKnownFileType = sourcecode.swift; path = 219.swift; sourceTree = "<group>"; };
		49606D89288566E7006CB30D /* 225.swift */ = {isa = PBXFileReference; lastKnownFileType = sourcecode.swift; path = 225.swift; sourceTree = "<group>"; };
		49606D8C28856975006CB30D /* tests221-240.swift */ = {isa = PBXFileReference; lastKnownFileType = sourcecode.swift; path = "tests221-240.swift"; sourceTree = "<group>"; };
		49606D8E28857044006CB30D /* 228.swift */ = {isa = PBXFileReference; lastKnownFileType = sourcecode.swift; path = 228.swift; sourceTree = "<group>"; };
		49606D902885734D006CB30D /* 232.swift */ = {isa = PBXFileReference; lastKnownFileType = sourcecode.swift; path = 232.swift; sourceTree = "<group>"; };
		49606D92288646FD006CB30D /* 731.swift */ = {isa = PBXFileReference; lastKnownFileType = sourcecode.swift; path = 731.swift; sourceTree = "<group>"; };
		49606D9428868425006CB30D /* 29.swift */ = {isa = PBXFileReference; lastKnownFileType = sourcecode.swift; path = 29.swift; sourceTree = "<group>"; };
		49606D9628868DDA006CB30D /* 34.swift */ = {isa = PBXFileReference; lastKnownFileType = sourcecode.swift; path = 34.swift; sourceTree = "<group>"; };
		49606D9928869C7E006CB30D /* 704.swift */ = {isa = PBXFileReference; lastKnownFileType = sourcecode.swift; path = 704.swift; sourceTree = "<group>"; };
		49606D9B2886A029006CB30D /* 239.swift */ = {isa = PBXFileReference; lastKnownFileType = sourcecode.swift; path = 239.swift; sourceTree = "<group>"; };
		49606D9F2886A72E006CB30D /* 341.swift */ = {isa = PBXFileReference; lastKnownFileType = sourcecode.swift; path = 341.swift; sourceTree = "<group>"; };
		49606DA12886B9FD006CB30D /* 32.swift */ = {isa = PBXFileReference; lastKnownFileType = sourcecode.swift; path = 32.swift; sourceTree = "<group>"; };
		49606DA32887A561006CB30D /* 1260.swift */ = {isa = PBXFileReference; lastKnownFileType = sourcecode.swift; path = 1260.swift; sourceTree = "<group>"; };
		49606DA52887DCAF006CB30D /* 33.swift */ = {isa = PBXFileReference; lastKnownFileType = sourcecode.swift; path = 33.swift; sourceTree = "<group>"; };
		49606DA72887EA49006CB30D /* 31.swift */ = {isa = PBXFileReference; lastKnownFileType = sourcecode.swift; path = 31.swift; sourceTree = "<group>"; };
		4962B12528881030006FE4EC /* 38.swift */ = {isa = PBXFileReference; lastKnownFileType = sourcecode.swift; path = 38.swift; sourceTree = "<group>"; };
		4962B1292888E97B006FE4EC /* 814.swift */ = {isa = PBXFileReference; lastKnownFileType = sourcecode.swift; path = 814.swift; sourceTree = "<group>"; };
		4962B12C2888ED6E006FE4EC /* 873.swift */ = {isa = PBXFileReference; lastKnownFileType = sourcecode.swift; path = 873.swift; sourceTree = "<group>"; };
		4964647D2888F4F900EBFAD7 /* tests861-880.swift */ = {isa = PBXFileReference; lastKnownFileType = sourcecode.swift; path = "tests861-880.swift"; sourceTree = "<group>"; };
		4964647F2889032000EBFAD7 /* 39.swift */ = {isa = PBXFileReference; lastKnownFileType = sourcecode.swift; path = 39.swift; sourceTree = "<group>"; };
		4964648128891C1800EBFAD7 /* 40.swift */ = {isa = PBXFileReference; lastKnownFileType = sourcecode.swift; path = 40.swift; sourceTree = "<group>"; };
		496464832889266100EBFAD7 /* 41.swift */ = {isa = PBXFileReference; lastKnownFileType = sourcecode.swift; path = 41.swift; sourceTree = "<group>"; };
		4964648528893AAE00EBFAD7 /* 42.swift */ = {isa = PBXFileReference; lastKnownFileType = sourcecode.swift; path = 42.swift; sourceTree = "<group>"; };
		496464872889420D00EBFAD7 /* 43.swift */ = {isa = PBXFileReference; lastKnownFileType = sourcecode.swift; path = 43.swift; sourceTree = "<group>"; };
		4964648928895B4E00EBFAD7 /* 45.swift */ = {isa = PBXFileReference; lastKnownFileType = sourcecode.swift; path = 45.swift; sourceTree = "<group>"; };
		4964648B28896F1400EBFAD7 /* 54.swift */ = {isa = PBXFileReference; lastKnownFileType = sourcecode.swift; path = 54.swift; sourceTree = "<group>"; };
		4964648D288A3D2300EBFAD7 /* 757.swift */ = {isa = PBXFileReference; lastKnownFileType = sourcecode.swift; path = 757.swift; sourceTree = "<group>"; };
		4964648F288A4C4300EBFAD7 /* 55.swift */ = {isa = PBXFileReference; lastKnownFileType = sourcecode.swift; path = 55.swift; sourceTree = "<group>"; };
		49646491288A542600EBFAD7 /* 56.swift */ = {isa = PBXFileReference; lastKnownFileType = sourcecode.swift; path = 56.swift; sourceTree = "<group>"; };
		49646493288A5B1400EBFAD7 /* 57.swift */ = {isa = PBXFileReference; lastKnownFileType = sourcecode.swift; path = 57.swift; sourceTree = "<group>"; };
		49646495288A67BC00EBFAD7 /* 44.swift */ = {isa = PBXFileReference; lastKnownFileType = sourcecode.swift; path = 44.swift; sourceTree = "<group>"; };
		49646497288A7E1E00EBFAD7 /* 59.swift */ = {isa = PBXFileReference; lastKnownFileType = sourcecode.swift; path = 59.swift; sourceTree = "<group>"; };
		49697A65288E31090045D27E /* 76.swift */ = {isa = PBXFileReference; lastKnownFileType = sourcecode.swift; path = 76.swift; sourceTree = "<group>"; };
		49697A67288E628F0045D27E /* 84.swift */ = {isa = PBXFileReference; lastKnownFileType = sourcecode.swift; path = 84.swift; sourceTree = "<group>"; };
		49697A69288E738B0045D27E /* 79.swift */ = {isa = PBXFileReference; lastKnownFileType = sourcecode.swift; path = 79.swift; sourceTree = "<group>"; };
		49697A6B288E93670045D27E /* 81.swift */ = {isa = PBXFileReference; lastKnownFileType = sourcecode.swift; path = 81.swift; sourceTree = "<group>"; };
		49697A6D288E9C0F0045D27E /* 82.swift */ = {isa = PBXFileReference; lastKnownFileType = sourcecode.swift; path = 82.swift; sourceTree = "<group>"; };
		4988D4AB288AFEE3006297B7 /* 257.swift */ = {isa = PBXFileReference; lastKnownFileType = sourcecode.swift; path = 257.swift; sourceTree = "<group>"; };
		4988D4AE288B0142006297B7 /* 263.swift */ = {isa = PBXFileReference; lastKnownFileType = sourcecode.swift; path = 263.swift; sourceTree = "<group>"; };
		4988D4B0288B03D1006297B7 /* 231.swift */ = {isa = PBXFileReference; lastKnownFileType = sourcecode.swift; path = 231.swift; sourceTree = "<group>"; };
		4988D4B2288B06E7006297B7 /* 268.swift */ = {isa = PBXFileReference; lastKnownFileType = sourcecode.swift; path = 268.swift; sourceTree = "<group>"; };
		4988D4B7288B089E006297B7 /* 283.swift */ = {isa = PBXFileReference; lastKnownFileType = sourcecode.swift; path = 283.swift; sourceTree = "<group>"; };
		4988D4B9288B0A31006297B7 /* 237.swift */ = {isa = PBXFileReference; lastKnownFileType = sourcecode.swift; path = 237.swift; sourceTree = "<group>"; };
		4988D4BB288BD382006297B7 /* offer_ii_115.swift */ = {isa = PBXFileReference; lastKnownFileType = sourcecode.swift; path = offer_ii_115.swift; sourceTree = "<group>"; };
		4988D4BE288BD6E2006297B7 /* tests_offer_ii_101_120.swift */ = {isa = PBXFileReference; lastKnownFileType = sourcecode.swift; path = tests_offer_ii_101_120.swift; sourceTree = "<group>"; };
		4988D4C0288BDBA4006297B7 /* 65.swift */ = {isa = PBXFileReference; lastKnownFileType = sourcecode.swift; path = 65.swift; sourceTree = "<group>"; };
		4988D4C2288BDD0E006297B7 /* 71.swift */ = {isa = PBXFileReference; lastKnownFileType = sourcecode.swift; path = 71.swift; sourceTree = "<group>"; };
		4988D4C4288BE0CD006297B7 /* 73.swift */ = {isa = PBXFileReference; lastKnownFileType = sourcecode.swift; path = 73.swift; sourceTree = "<group>"; };
		4988D4C6288BE3EB006297B7 /* 74.swift */ = {isa = PBXFileReference; lastKnownFileType = sourcecode.swift; path = 74.swift; sourceTree = "<group>"; };
		4988D4C8288BE7F9006297B7 /* 75.swift */ = {isa = PBXFileReference; lastKnownFileType = sourcecode.swift; path = 75.swift; sourceTree = "<group>"; };
		4988D4CA288BEBD1006297B7 /* 77.swift */ = {isa = PBXFileReference; lastKnownFileType = sourcecode.swift; path = 77.swift; sourceTree = "<group>"; };
		4988D4CC288BF478006297B7 /* 107.swift */ = {isa = PBXFileReference; lastKnownFileType = sourcecode.swift; path = 107.swift; sourceTree = "<group>"; };
		4988D4CE288C2812006297B7 /* 68.swift */ = {isa = PBXFileReference; lastKnownFileType = sourcecode.swift; path = 68.swift; sourceTree = "<group>"; };
		4988D4D0288C31CB006297B7 /* 72.swift */ = {isa = PBXFileReference; lastKnownFileType = sourcecode.swift; path = 72.swift; sourceTree = "<group>"; };
		4988D4D2288C377F006297B7 /* 80.swift */ = {isa = PBXFileReference; lastKnownFileType = sourcecode.swift; path = 80.swift; sourceTree = "<group>"; };
		4988D4D8288CF33D006297B7 /* 1184.swift */ = {isa = PBXFileReference; lastKnownFileType = sourcecode.swift; path = 1184.swift; sourceTree = "<group>"; };
		4988D4DA288DA33B006297B7 /* 78.swift */ = {isa = PBXFileReference; lastKnownFileType = sourcecode.swift; path = 78.swift; sourceTree = "<group>"; };
		4988D4DE288DA81D006297B7 /* 919.swift */ = {isa = PBXFileReference; lastKnownFileType = sourcecode.swift; path = 919.swift; sourceTree = "<group>"; };
		4988D4E0288DAEAA006297B7 /* 90.swift */ = {isa = PBXFileReference; lastKnownFileType = sourcecode.swift; path = 90.swift; sourceTree = "<group>"; };
		4988D4E2288DAFE8006297B7 /* 120.swift */ = {isa = PBXFileReference; lastKnownFileType = sourcecode.swift; path = 120.swift; sourceTree = "<group>"; };
		49AAD4E3288A86460002EDBB /* 60.swift */ = {isa = PBXFileReference; lastKnownFileType = sourcecode.swift; path = 60.swift; sourceTree = "<group>"; };
		49AAD4E5288A9F500002EDBB /* 62.swift */ = {isa = PBXFileReference; lastKnownFileType = sourcecode.swift; path = 62.swift; sourceTree = "<group>"; };
		49AAD4E7288AA3FC0002EDBB /* tests061_080.swift */ = {isa = PBXFileReference; lastKnownFileType = sourcecode.swift; path = tests061_080.swift; sourceTree = "<group>"; };
		49AAD4EB288AAB4D0002EDBB /* 63.swift */ = {isa = PBXFileReference; lastKnownFileType = sourcecode.swift; path = 63.swift; sourceTree = "<group>"; };
		49AAD4ED288AAF470002EDBB /* 64.swift */ = {isa = PBXFileReference; lastKnownFileType = sourcecode.swift; path = 64.swift; sourceTree = "<group>"; };
/* End PBXFileReference section */

/* Begin PBXFrameworksBuildPhase section */
		49606CA92885026C006CB30D /* Frameworks */ = {
			isa = PBXFrameworksBuildPhase;
			buildActionMask = 2147483647;
			files = (
			);
			runOnlyForDeploymentPostprocessing = 0;
		};
		49606CB32885026D006CB30D /* Frameworks */ = {
			isa = PBXFrameworksBuildPhase;
			buildActionMask = 2147483647;
			files = (
				49606CB72885026D006CB30D /* leetcodes_swift.framework in Frameworks */,
			);
			runOnlyForDeploymentPostprocessing = 0;
		};
/* End PBXFrameworksBuildPhase section */

/* Begin PBXGroup section */
		49606CA22885026C006CB30D = {
			isa = PBXGroup;
			children = (
				49606D6C2885032E006CB30D /* README.md */,
				49606CAE2885026C006CB30D /* leetcodes-swift */,
				49606CBA2885026D006CB30D /* leetcodes-swiftTests */,
				49606CAD2885026C006CB30D /* Products */,
			);
			sourceTree = "<group>";
		};
		49606CAD2885026C006CB30D /* Products */ = {
			isa = PBXGroup;
			children = (
				49606CAC2885026C006CB30D /* leetcodes_swift.framework */,
				49606CB62885026D006CB30D /* leetcodes-swiftTests.xctest */,
			);
			name = Products;
			sourceTree = "<group>";
		};
		49606CAE2885026C006CB30D /* leetcodes-swift */ = {
			isa = PBXGroup;
			children = (
				49606CCC28850295006CB30D /* 001-100 */,
				49606CED28850295006CB30D /* 101-200 */,
				49606D1228850295006CB30D /* 201-300 */,
				49606D9D2886A717006CB30D /* 301-400 */,
				49606D0D28850295006CB30D /* 501-600 */,
				49606CC928850295006CB30D /* 601-700 */,
				49606D0728850295006CB30D /* 701-800 */,
				4962B1272888E8CC006FE4EC /* 801-900 */,
				4988D4DC288DA801006297B7 /* 901-1000 */,
				4988D4D6288CF160006297B7 /* 1101-1200 */,
				49606CC628850295006CB30D /* 1201-1300 */,
				49606D1828850295006CB30D /* offer_ii */,
				49606CAF2885026C006CB30D /* leetcodes_swift.h */,
				49606CB02885026C006CB30D /* leetcodes_swift.docc */,
			);
			path = "leetcodes-swift";
			sourceTree = "<group>";
		};
		49606CBA2885026D006CB30D /* leetcodes-swiftTests */ = {
			isa = PBXGroup;
			children = (
				4988D4BD288BD6C2006297B7 /* offer_ii */,
				49606D5D288502C8006CB30D /* 001-100 */,
				49606D61288502C8006CB30D /* 101-200 */,
				49606D8B2885695D006CB30D /* 201-300 */,
				49606D58288502C8006CB30D /* 501-600 */,
				49606D5A288502C8006CB30D /* 701-800 */,
				4964647B2888F4A500EBFAD7 /* 801-900 */,
				49606CBB2885026D006CB30D /* leetcodes_swiftTests.swift */,
			);
			path = "leetcodes-swiftTests";
			sourceTree = "<group>";
		};
		49606CC628850295006CB30D /* 1201-1300 */ = {
			isa = PBXGroup;
			children = (
				49606CC728850295006CB30D /* 1241-1260 */,
			);
			path = "1201-1300";
			sourceTree = "<group>";
		};
		49606CC728850295006CB30D /* 1241-1260 */ = {
			isa = PBXGroup;
			children = (
				49606CC828850295006CB30D /* 1252.swift */,
				49606DA32887A561006CB30D /* 1260.swift */,
			);
			path = "1241-1260";
			sourceTree = "<group>";
		};
		49606CC928850295006CB30D /* 601-700 */ = {
			isa = PBXGroup;
			children = (
				49606CCA28850295006CB30D /* 671-680 */,
			);
			path = "601-700";
			sourceTree = "<group>";
		};
		49606CCA28850295006CB30D /* 671-680 */ = {
			isa = PBXGroup;
			children = (
				49606CCB28850295006CB30D /* 676.swift */,
			);
			path = "671-680";
			sourceTree = "<group>";
		};
		49606CCC28850295006CB30D /* 001-100 */ = {
			isa = PBXGroup;
			children = (
				49606CD228850295006CB30D /* 01-20 */,
				49606CDE28850295006CB30D /* 21-40 */,
				49606CD528850295006CB30D /* 41-60 */,
				49606CCD28850295006CB30D /* 61-80 */,
				49606CE828850295006CB30D /* 81-100 */,
			);
			path = "001-100";
			sourceTree = "<group>";
		};
		49606CCD28850295006CB30D /* 61-80 */ = {
			isa = PBXGroup;
			children = (
				49AAD4E5288A9F500002EDBB /* 62.swift */,
				49AAD4EB288AAB4D0002EDBB /* 63.swift */,
				49AAD4ED288AAF470002EDBB /* 64.swift */,
				4988D4C0288BDBA4006297B7 /* 65.swift */,
				49606CCE28850295006CB30D /* 66.swift */,
				49606CCF28850295006CB30D /* 67.swift */,
				4988D4CE288C2812006297B7 /* 68.swift */,
				49606CD028850295006CB30D /* 69.swift */,
				49606CD128850295006CB30D /* 70.swift */,
				4988D4C2288BDD0E006297B7 /* 71.swift */,
				4988D4D0288C31CB006297B7 /* 72.swift */,
				4988D4C4288BE0CD006297B7 /* 73.swift */,
				4988D4C6288BE3EB006297B7 /* 74.swift */,
				4988D4C8288BE7F9006297B7 /* 75.swift */,
				49697A65288E31090045D27E /* 76.swift */,
				4988D4CA288BEBD1006297B7 /* 77.swift */,
				4988D4DA288DA33B006297B7 /* 78.swift */,
				49697A69288E738B0045D27E /* 79.swift */,
				4988D4D2288C377F006297B7 /* 80.swift */,
			);
			path = "61-80";
			sourceTree = "<group>";
		};
		49606CD228850295006CB30D /* 01-20 */ = {
			isa = PBXGroup;
			children = (
				49606CD328850295006CB30D /* 1.swift */,
				49606D6E28852B78006CB30D /* 15.swift */,
				49606D7028852FC8006CB30D /* 16.swift */,
				49606D7228853505006CB30D /* 18.swift */,
				49606CD428850295006CB30D /* 20.swift */,
			);
			path = "01-20";
			sourceTree = "<group>";
		};
		49606CD528850295006CB30D /* 41-60 */ = {
			isa = PBXGroup;
			children = (
				496464832889266100EBFAD7 /* 41.swift */,
				4964648528893AAE00EBFAD7 /* 42.swift */,
				496464872889420D00EBFAD7 /* 43.swift */,
				49646495288A67BC00EBFAD7 /* 44.swift */,
				4964648928895B4E00EBFAD7 /* 45.swift */,
				49606CD628850295006CB30D /* 46.swift */,
				49606CD728850295006CB30D /* 47.swift */,
				49606CDB28850295006CB30D /* 48.swift */,
				49606CDA28850295006CB30D /* 49.swift */,
				49606CDC28850295006CB30D /* 51.swift */,
				49606CD928850295006CB30D /* 52.swift */,
				49606CDD28850295006CB30D /* 53.swift */,
				4964648B28896F1400EBFAD7 /* 54.swift */,
				4964648F288A4C4300EBFAD7 /* 55.swift */,
				49646491288A542600EBFAD7 /* 56.swift */,
				49646493288A5B1400EBFAD7 /* 57.swift */,
				49606CD828850295006CB30D /* 58.swift */,
				49646497288A7E1E00EBFAD7 /* 59.swift */,
				49AAD4E3288A86460002EDBB /* 60.swift */,
			);
			path = "41-60";
			sourceTree = "<group>";
		};
		49606CDE28850295006CB30D /* 21-40 */ = {
			isa = PBXGroup;
			children = (
				49606D76288538D0006CB30D /* 22.swift */,
				49606CE128850295006CB30D /* 24.swift */,
				49606CE028850295006CB30D /* 25.swift */,
				49606CE228850295006CB30D /* 26.swift */,
				49606CDF28850295006CB30D /* 27.swift */,
				49606CE528850295006CB30D /* 28.swift */,
				49606D9428868425006CB30D /* 29.swift */,
				49606CE728850295006CB30D /* 30.swift */,
				49606DA72887EA49006CB30D /* 31.swift */,
				49606DA12886B9FD006CB30D /* 32.swift */,
				49606DA52887DCAF006CB30D /* 33.swift */,
				49606D9628868DDA006CB30D /* 34.swift */,
				49606CE328850295006CB30D /* 35.swift */,
				49606CE628850295006CB30D /* 36.swift */,
				49606CE428850295006CB30D /* 37.swift */,
				4962B12528881030006FE4EC /* 38.swift */,
				4964647F2889032000EBFAD7 /* 39.swift */,
				4964648128891C1800EBFAD7 /* 40.swift */,
			);
			path = "21-40";
			sourceTree = "<group>";
		};
		49606CE828850295006CB30D /* 81-100 */ = {
			isa = PBXGroup;
			children = (
				49697A6B288E93670045D27E /* 81.swift */,
				49697A6D288E9C0F0045D27E /* 82.swift */,
				49606CE928850295006CB30D /* 83.swift */,
				49697A67288E628F0045D27E /* 84.swift */,
				49606CEC28850295006CB30D /* 88.swift */,
				4988D4E0288DAEAA006297B7 /* 90.swift */,
				49606CEA28850295006CB30D /* 94.swift */,
				49606CEB28850295006CB30D /* 100.swift */,
			);
			path = "81-100";
			sourceTree = "<group>";
		};
		49606CED28850295006CB30D /* 101-200 */ = {
			isa = PBXGroup;
			children = (
				49606CF428850295006CB30D /* 101-120 */,
				49606CFF28850295006CB30D /* 121-140 */,
				49606CEE28850295006CB30D /* 141-160 */,
				49606D0328850295006CB30D /* 161-180 */,
				49606D7C28854428006CB30D /* 181-200 */,
			);
			path = "101-200";
			sourceTree = "<group>";
		};
		49606CEE28850295006CB30D /* 141-160 */ = {
			isa = PBXGroup;
			children = (
				49606CEF28850295006CB30D /* 141.swift */,
				49606CF028850295006CB30D /* 145.swift */,
				49606CF128850295006CB30D /* 142.swift */,
				49606CF228850295006CB30D /* 144.swift */,
				49606CF328850295006CB30D /* 160.swift */,
			);
			path = "141-160";
			sourceTree = "<group>";
		};
		49606CF428850295006CB30D /* 101-120 */ = {
			isa = PBXGroup;
			children = (
				49606CFD28850295006CB30D /* 101.swift */,
				49606CFB28850295006CB30D /* 102.swift */,
				49606CFC28850295006CB30D /* 103.swift */,
				49606CF928850295006CB30D /* 104.swift */,
				4988D4CC288BF478006297B7 /* 107.swift */,
				49606CF728850295006CB30D /* 108.swift */,
				49606CF628850295006CB30D /* 110.swift */,
				49606CF828850295006CB30D /* 111.swift */,
				49606CF528850295006CB30D /* 112.swift */,
				49606CFE28850295006CB30D /* 118.swift */,
				49606CFA28850295006CB30D /* 119.swift */,
				4988D4E2288DAFE8006297B7 /* 120.swift */,
			);
			path = "101-120";
			sourceTree = "<group>";
		};
		49606CFF28850295006CB30D /* 121-140 */ = {
			isa = PBXGroup;
			children = (
				49606D0028850295006CB30D /* 136.swift */,
				49606D0128850295006CB30D /* 121.swift */,
				49606D0228850295006CB30D /* 125.swift */,
			);
			path = "121-140";
			sourceTree = "<group>";
		};
		49606D0328850295006CB30D /* 161-180 */ = {
			isa = PBXGroup;
			children = (
				49606D0428850295006CB30D /* 171.swift */,
				49606D0528850295006CB30D /* 168.swift */,
				49606D0628850295006CB30D /* 169.swift */,
			);
			path = "161-180";
			sourceTree = "<group>";
		};
		49606D0728850295006CB30D /* 701-800 */ = {
			isa = PBXGroup;
			children = (
				49606D9828869C74006CB30D /* 701-720 */,
				49606D0828850295006CB30D /* 731-740 */,
				49606D0A28850295006CB30D /* 741-760 */,
			);
			path = "701-800";
			sourceTree = "<group>";
		};
		49606D0828850295006CB30D /* 731-740 */ = {
			isa = PBXGroup;
			children = (
				49606D92288646FD006CB30D /* 731.swift */,
				49606D0928850295006CB30D /* 735.swift */,
			);
			path = "731-740";
			sourceTree = "<group>";
		};
		49606D0A28850295006CB30D /* 741-760 */ = {
			isa = PBXGroup;
			children = (
				49606D0B28850295006CB30D /* 745.swift */,
				49606D0C28850295006CB30D /* 749.swift */,
				4964648D288A3D2300EBFAD7 /* 757.swift */,
			);
			path = "741-760";
			sourceTree = "<group>";
		};
		49606D0D28850295006CB30D /* 501-600 */ = {
			isa = PBXGroup;
			children = (
				49606D0E28850295006CB30D /* 541-560 */,
				49606D1028850295006CB30D /* 561-580 */,
			);
			path = "501-600";
			sourceTree = "<group>";
		};
		49606D0E28850295006CB30D /* 541-560 */ = {
			isa = PBXGroup;
			children = (
				49606D0F28850295006CB30D /* 558.swift */,
			);
			path = "541-560";
			sourceTree = "<group>";
		};
		49606D1028850295006CB30D /* 561-580 */ = {
			isa = PBXGroup;
			children = (
				49606D1128850295006CB30D /* 565.swift */,
			);
			path = "561-580";
			sourceTree = "<group>";
		};
		49606D1228850295006CB30D /* 201-300 */ = {
			isa = PBXGroup;
			children = (
				49606D1328850295006CB30D /* 201-220 */,
				49606D1528850295006CB30D /* 221-240 */,
				4988D4AA288AFEAA006297B7 /* 241-260 */,
				4988D4AD288B012B006297B7 /* 261-280 */,
				4988D4B6288B0893006297B7 /* 281-300 */,
			);
			path = "201-300";
			sourceTree = "<group>";
		};
		49606D1328850295006CB30D /* 201-220 */ = {
			isa = PBXGroup;
			children = (
				49606D1428850295006CB30D /* 202.swift */,
				49606D8128854C4F006CB30D /* 203.swift */,
				49606D8328855B09006CB30D /* 205.swift */,
				49606D8528855F93006CB30D /* 206.swift */,
				49606D872885645C006CB30D /* 219.swift */,
			);
			path = "201-220";
			sourceTree = "<group>";
		};
		49606D1528850295006CB30D /* 221-240 */ = {
			isa = PBXGroup;
			children = (
				49606D89288566E7006CB30D /* 225.swift */,
				49606D1728850295006CB30D /* 226.swift */,
				49606D8E28857044006CB30D /* 228.swift */,
				4988D4B0288B03D1006297B7 /* 231.swift */,
				49606D902885734D006CB30D /* 232.swift */,
				49606D1628850295006CB30D /* 235.swift */,
				4988D4B9288B0A31006297B7 /* 237.swift */,
				49606D9B2886A029006CB30D /* 239.swift */,
			);
			path = "221-240";
			sourceTree = "<group>";
		};
		49606D1828850295006CB30D /* offer_ii */ = {
			isa = PBXGroup;
			children = (
				49606D1928850295006CB30D /* offer_ii_041.swift */,
				4988D4BB288BD382006297B7 /* offer_ii_115.swift */,
			);
			path = offer_ii;
			sourceTree = "<group>";
		};
		49606D58288502C8006CB30D /* 501-600 */ = {
			isa = PBXGroup;
			children = (
				49606D59288502C8006CB30D /* tests561_580.swift */,
			);
			path = "501-600";
			sourceTree = "<group>";
		};
		49606D5A288502C8006CB30D /* 701-800 */ = {
			isa = PBXGroup;
			children = (
				49606D5C288502C8006CB30D /* tests731_740.swift */,
				49606D5B288502C8006CB30D /* tests741_760.swift */,
			);
			path = "701-800";
			sourceTree = "<group>";
		};
		49606D5D288502C8006CB30D /* 001-100 */ = {
			isa = PBXGroup;
			children = (
				49606D74288536CE006CB30D /* tests001-020.swift */,
				49606D60288502C8006CB30D /* tests021_040.swift */,
				49606D5E288502C8006CB30D /* tests041_060.swift */,
				49AAD4E7288AA3FC0002EDBB /* tests061_080.swift */,
				49606D5F288502C8006CB30D /* tests081_100.swift */,
			);
			path = "001-100";
			sourceTree = "<group>";
		};
		49606D61288502C8006CB30D /* 101-200 */ = {
			isa = PBXGroup;
			children = (
				49606D63288502C8006CB30D /* tests101_120.swift */,
				49606D62288502C8006CB30D /* tests121-140.swift */,
			);
			path = "101-200";
			sourceTree = "<group>";
		};
		49606D7C28854428006CB30D /* 181-200 */ = {
			isa = PBXGroup;
			children = (
				49606D7D2885444B006CB30D /* 190.swift */,
				49606D7F288546D9006CB30D /* 191.swift */,
			);
			path = "181-200";
			sourceTree = "<group>";
		};
		49606D8B2885695D006CB30D /* 201-300 */ = {
			isa = PBXGroup;
			children = (
				49606D8C28856975006CB30D /* tests221-240.swift */,
			);
			path = "201-300";
			sourceTree = "<group>";
		};
		49606D9828869C74006CB30D /* 701-720 */ = {
			isa = PBXGroup;
			children = (
				49606D9928869C7E006CB30D /* 704.swift */,
			);
			path = "701-720";
			sourceTree = "<group>";
		};
		49606D9D2886A717006CB30D /* 301-400 */ = {
			isa = PBXGroup;
			children = (
				49606D9E2886A721006CB30D /* 341-360 */,
			);
			path = "301-400";
			sourceTree = "<group>";
		};
		49606D9E2886A721006CB30D /* 341-360 */ = {
			isa = PBXGroup;
			children = (
				49606D9F2886A72E006CB30D /* 341.swift */,
			);
			path = "341-360";
			sourceTree = "<group>";
		};
		4962B1272888E8CC006FE4EC /* 801-900 */ = {
			isa = PBXGroup;
			children = (
				4962B1282888E967006FE4EC /* 801-820 */,
				4962B12B2888ED5F006FE4EC /* 861-880 */,
			);
			path = "801-900";
			sourceTree = "<group>";
		};
		4962B1282888E967006FE4EC /* 801-820 */ = {
			isa = PBXGroup;
			children = (
				4962B1292888E97B006FE4EC /* 814.swift */,
			);
			path = "801-820";
			sourceTree = "<group>";
		};
		4962B12B2888ED5F006FE4EC /* 861-880 */ = {
			isa = PBXGroup;
			children = (
				4962B12C2888ED6E006FE4EC /* 873.swift */,
			);
			path = "861-880";
			sourceTree = "<group>";
		};
		4964647B2888F4A500EBFAD7 /* 801-900 */ = {
			isa = PBXGroup;
			children = (
				4964647D2888F4F900EBFAD7 /* tests861-880.swift */,
			);
			path = "801-900";
			sourceTree = "<group>";
		};
		4988D4AA288AFEAA006297B7 /* 241-260 */ = {
			isa = PBXGroup;
			children = (
				4988D4AB288AFEE3006297B7 /* 257.swift */,
			);
			path = "241-260";
			sourceTree = "<group>";
		};
		4988D4AD288B012B006297B7 /* 261-280 */ = {
			isa = PBXGroup;
			children = (
				4988D4AE288B0142006297B7 /* 263.swift */,
				4988D4B2288B06E7006297B7 /* 268.swift */,
			);
			path = "261-280";
			sourceTree = "<group>";
		};
		4988D4B6288B0893006297B7 /* 281-300 */ = {
			isa = PBXGroup;
			children = (
				4988D4B7288B089E006297B7 /* 283.swift */,
			);
			path = "281-300";
			sourceTree = "<group>";
		};
		4988D4BD288BD6C2006297B7 /* offer_ii */ = {
			isa = PBXGroup;
			children = (
				4988D4BE288BD6E2006297B7 /* tests_offer_ii_101_120.swift */,
			);
			path = offer_ii;
			sourceTree = "<group>";
		};
		4988D4D6288CF160006297B7 /* 1101-1200 */ = {
			isa = PBXGroup;
			children = (
				4988D4D7288CF32F006297B7 /* 1181-1200 */,
			);
			path = "1101-1200";
			sourceTree = "<group>";
		};
		4988D4D7288CF32F006297B7 /* 1181-1200 */ = {
			isa = PBXGroup;
			children = (
				4988D4D8288CF33D006297B7 /* 1184.swift */,
			);
			path = "1181-1200";
			sourceTree = "<group>";
		};
		4988D4DC288DA801006297B7 /* 901-1000 */ = {
			isa = PBXGroup;
			children = (
				4988D4DD288DA811006297B7 /* 901-920 */,
			);
			path = "901-1000";
			sourceTree = "<group>";
		};
		4988D4DD288DA811006297B7 /* 901-920 */ = {
			isa = PBXGroup;
			children = (
				4988D4DE288DA81D006297B7 /* 919.swift */,
			);
			path = "901-920";
			sourceTree = "<group>";
		};
/* End PBXGroup section */

/* Begin PBXHeadersBuildPhase section */
		49606CA72885026C006CB30D /* Headers */ = {
			isa = PBXHeadersBuildPhase;
			buildActionMask = 2147483647;
			files = (
				49606CBD2885026D006CB30D /* leetcodes_swift.h in Headers */,
			);
			runOnlyForDeploymentPostprocessing = 0;
		};
/* End PBXHeadersBuildPhase section */

/* Begin PBXNativeTarget section */
		49606CAB2885026C006CB30D /* leetcodes-swift */ = {
			isa = PBXNativeTarget;
			buildConfigurationList = 49606CC02885026D006CB30D /* Build configuration list for PBXNativeTarget "leetcodes-swift" */;
			buildPhases = (
				49606CA72885026C006CB30D /* Headers */,
				49606CA82885026C006CB30D /* Sources */,
				49606CA92885026C006CB30D /* Frameworks */,
				49606CAA2885026C006CB30D /* Resources */,
			);
			buildRules = (
			);
			dependencies = (
			);
			name = "leetcodes-swift";
			productName = "leetcodes-swift";
			productReference = 49606CAC2885026C006CB30D /* leetcodes_swift.framework */;
			productType = "com.apple.product-type.framework";
		};
		49606CB52885026D006CB30D /* leetcodes-swiftTests */ = {
			isa = PBXNativeTarget;
			buildConfigurationList = 49606CC32885026D006CB30D /* Build configuration list for PBXNativeTarget "leetcodes-swiftTests" */;
			buildPhases = (
				49606CB22885026D006CB30D /* Sources */,
				49606CB32885026D006CB30D /* Frameworks */,
				49606CB42885026D006CB30D /* Resources */,
			);
			buildRules = (
			);
			dependencies = (
				49606CB92885026D006CB30D /* PBXTargetDependency */,
			);
			name = "leetcodes-swiftTests";
			productName = "leetcodes-swiftTests";
			productReference = 49606CB62885026D006CB30D /* leetcodes-swiftTests.xctest */;
			productType = "com.apple.product-type.bundle.unit-test";
		};
/* End PBXNativeTarget section */

/* Begin PBXProject section */
		49606CA32885026C006CB30D /* Project object */ = {
			isa = PBXProject;
			attributes = {
				BuildIndependentTargetsInParallel = 1;
				LastSwiftUpdateCheck = 1400;
				LastUpgradeCheck = 1400;
				TargetAttributes = {
					49606CAB2885026C006CB30D = {
						CreatedOnToolsVersion = 14.0;
					};
					49606CB52885026D006CB30D = {
						CreatedOnToolsVersion = 14.0;
					};
				};
			};
			buildConfigurationList = 49606CA62885026C006CB30D /* Build configuration list for PBXProject "leetcodes-swift" */;
			compatibilityVersion = "Xcode 14.0";
			developmentRegion = en;
			hasScannedForEncodings = 0;
			knownRegions = (
				en,
				Base,
			);
			mainGroup = 49606CA22885026C006CB30D;
			productRefGroup = 49606CAD2885026C006CB30D /* Products */;
			projectDirPath = "";
			projectRoot = "";
			targets = (
				49606CAB2885026C006CB30D /* leetcodes-swift */,
				49606CB52885026D006CB30D /* leetcodes-swiftTests */,
			);
		};
/* End PBXProject section */

/* Begin PBXResourcesBuildPhase section */
		49606CAA2885026C006CB30D /* Resources */ = {
			isa = PBXResourcesBuildPhase;
			buildActionMask = 2147483647;
			files = (
			);
			runOnlyForDeploymentPostprocessing = 0;
		};
		49606CB42885026D006CB30D /* Resources */ = {
			isa = PBXResourcesBuildPhase;
			buildActionMask = 2147483647;
			files = (
				49606D6D2885032E006CB30D /* README.md in Resources */,
			);
			runOnlyForDeploymentPostprocessing = 0;
		};
/* End PBXResourcesBuildPhase section */

/* Begin PBXSourcesBuildPhase section */
		49606CA82885026C006CB30D /* Sources */ = {
			isa = PBXSourcesBuildPhase;
			buildActionMask = 2147483647;
			files = (
				49606D2F28850295006CB30D /* 37.swift in Sources */,
				49606D4228850295006CB30D /* 102.swift in Sources */,
				49606D4428850295006CB30D /* 101.swift in Sources */,
				49697A6E288E9C0F0045D27E /* 82.swift in Sources */,
				49606D4028850295006CB30D /* 104.swift in Sources */,
				49606CB12885026C006CB30D /* leetcodes_swift.docc in Sources */,
				49606D1F28850295006CB30D /* 70.swift in Sources */,
				49606D3E28850295006CB30D /* 108.swift in Sources */,
				49606D8428855B09006CB30D /* 205.swift in Sources */,
				49606DA22886B9FD006CB30D /* 32.swift in Sources */,
				49606D77288538D0006CB30D /* 22.swift in Sources */,
				4988D4C5288BE0CD006297B7 /* 73.swift in Sources */,
				49606D3F28850295006CB30D /* 111.swift in Sources */,
				49606D8628855F93006CB30D /* 206.swift in Sources */,
				4988D4CD288BF478006297B7 /* 107.swift in Sources */,
				49606D7128852FC8006CB30D /* 16.swift in Sources */,
				49AAD4E4288A86460002EDBB /* 60.swift in Sources */,
				49606D2A28850295006CB30D /* 27.swift in Sources */,
				49646492288A542600EBFAD7 /* 56.swift in Sources */,
				49606D3C28850295006CB30D /* 112.swift in Sources */,
				49606D2128850295006CB30D /* 20.swift in Sources */,
				49697A66288E31090045D27E /* 76.swift in Sources */,
				49606D3028850295006CB30D /* 28.swift in Sources */,
				49606D5328850295006CB30D /* 226.swift in Sources */,
				49606D7E2885444B006CB30D /* 190.swift in Sources */,
				49606D912885734D006CB30D /* 232.swift in Sources */,
				49606D5028850295006CB30D /* 565.swift in Sources */,
				496464842889266100EBFAD7 /* 41.swift in Sources */,
				49606D2228850295006CB30D /* 46.swift in Sources */,
				49697A68288E628F0045D27E /* 84.swift in Sources */,
				49606D4728850295006CB30D /* 121.swift in Sources */,
				49AAD4E6288A9F500002EDBB /* 62.swift in Sources */,
				49606D2D28850295006CB30D /* 26.swift in Sources */,
				49606D5228850295006CB30D /* 235.swift in Sources */,
				49606D3428850295006CB30D /* 94.swift in Sources */,
				49606D7328853505006CB30D /* 18.swift in Sources */,
				49697A6C288E93670045D27E /* 81.swift in Sources */,
				49606D6F28852B78006CB30D /* 15.swift in Sources */,
				4988D4DF288DA81D006297B7 /* 919.swift in Sources */,
				4964648A28895B4E00EBFAD7 /* 45.swift in Sources */,
				4988D4CF288C2812006297B7 /* 68.swift in Sources */,
				49606D1B28850295006CB30D /* 676.swift in Sources */,
				49606D8228854C4F006CB30D /* 203.swift in Sources */,
				4964648C28896F1400EBFAD7 /* 54.swift in Sources */,
				4988D4E1288DAEAA006297B7 /* 90.swift in Sources */,
				4988D4E3288DAFE8006297B7 /* 120.swift in Sources */,
				49606D2928850295006CB30D /* 53.swift in Sources */,
				49606D4F28850295006CB30D /* 558.swift in Sources */,
				49606D8A288566E7006CB30D /* 225.swift in Sources */,
				49606D3A28850295006CB30D /* 144.swift in Sources */,
				49606D2528850295006CB30D /* 52.swift in Sources */,
				4964648628893AAE00EBFAD7 /* 42.swift in Sources */,
				49606D3D28850295006CB30D /* 110.swift in Sources */,
				49606D2328850295006CB30D /* 47.swift in Sources */,
				4962B12628881030006FE4EC /* 38.swift in Sources */,
				4962B12A2888E97B006FE4EC /* 814.swift in Sources */,
				49AAD4EE288AAF470002EDBB /* 64.swift in Sources */,
				49606D4128850295006CB30D /* 119.swift in Sources */,
				49606D93288646FD006CB30D /* 731.swift in Sources */,
				49606D4C28850295006CB30D /* 735.swift in Sources */,
				49606D2028850295006CB30D /* 1.swift in Sources */,
				4988D4DB288DA33B006297B7 /* 78.swift in Sources */,
				49606D9C2886A029006CB30D /* 239.swift in Sources */,
				4988D4CB288BEBD1006297B7 /* 77.swift in Sources */,
				49606D3128850295006CB30D /* 36.swift in Sources */,
				49606D3528850295006CB30D /* 100.swift in Sources */,
				49606D8F28857044006CB30D /* 228.swift in Sources */,
				49606D2728850295006CB30D /* 48.swift in Sources */,
				49606D9A28869C7E006CB30D /* 704.swift in Sources */,
				49606DA62887DCAF006CB30D /* 33.swift in Sources */,
				4988D4AC288AFEE3006297B7 /* 257.swift in Sources */,
				4988D4C3288BDD0E006297B7 /* 71.swift in Sources */,
				49606D4D28850295006CB30D /* 745.swift in Sources */,
				49606D2828850295006CB30D /* 51.swift in Sources */,
				49606D882885645C006CB30D /* 219.swift in Sources */,
				49606DA82887EA49006CB30D /* 31.swift in Sources */,
				49606D4828850295006CB30D /* 125.swift in Sources */,
				49606D3928850295006CB30D /* 142.swift in Sources */,
				49606D4E28850295006CB30D /* 749.swift in Sources */,
				49606D3B28850295006CB30D /* 160.swift in Sources */,
				4988D4AF288B0142006297B7 /* 263.swift in Sources */,
				49646496288A67BC00EBFAD7 /* 44.swift in Sources */,
				49606D3228850295006CB30D /* 30.swift in Sources */,
				4964648E288A3D2300EBFAD7 /* 757.swift in Sources */,
				49646494288A5B1400EBFAD7 /* 57.swift in Sources */,
				49697A6A288E738B0045D27E /* 79.swift in Sources */,
				4988D4C7288BE3EB006297B7 /* 74.swift in Sources */,
				496464802889032000EBFAD7 /* 39.swift in Sources */,
				49606D1E28850295006CB30D /* 69.swift in Sources */,
				4988D4C1288BDBA4006297B7 /* 65.swift in Sources */,
				4988D4C9288BE7F9006297B7 /* 75.swift in Sources */,
				4988D4BC288BD382006297B7 /* offer_ii_115.swift in Sources */,
				4988D4D3288C377F006297B7 /* 80.swift in Sources */,
				49606D9528868425006CB30D /* 29.swift in Sources */,
				49606DA02886A72E006CB30D /* 341.swift in Sources */,
				49606DA42887A561006CB30D /* 1260.swift in Sources */,
				49606D5428850295006CB30D /* offer_ii_041.swift in Sources */,
				49606D4B28850295006CB30D /* 169.swift in Sources */,
				496464882889420D00EBFAD7 /* 43.swift in Sources */,
				49606D4528850295006CB30D /* 118.swift in Sources */,
				49606D5128850295006CB30D /* 202.swift in Sources */,
				49606D2C28850295006CB30D /* 24.swift in Sources */,
				49606D4A28850295006CB30D /* 168.swift in Sources */,
				4962B12D2888ED6E006FE4EC /* 873.swift in Sources */,
				4988D4B8288B089E006297B7 /* 283.swift in Sources */,
				49606D2E28850295006CB30D /* 35.swift in Sources */,
				49606D4928850295006CB30D /* 171.swift in Sources */,
				49606D3328850295006CB30D /* 83.swift in Sources */,
				4988D4B1288B03D1006297B7 /* 231.swift in Sources */,
				49646498288A7E1E00EBFAD7 /* 59.swift in Sources */,
				49606D3728850295006CB30D /* 141.swift in Sources */,
				49606D3628850295006CB30D /* 88.swift in Sources */,
				4988D4D9288CF33D006297B7 /* 1184.swift in Sources */,
				49606D2428850295006CB30D /* 58.swift in Sources */,
				49606D80288546D9006CB30D /* 191.swift in Sources */,
				49606D2628850295006CB30D /* 49.swift in Sources */,
				4964648228891C1800EBFAD7 /* 40.swift in Sources */,
				49AAD4EC288AAB4D0002EDBB /* 63.swift in Sources */,
				49606D4328850295006CB30D /* 103.swift in Sources */,
				49606D1A28850295006CB30D /* 1252.swift in Sources */,
				49606D1D28850295006CB30D /* 67.swift in Sources */,
				4988D4D1288C31CB006297B7 /* 72.swift in Sources */,
				4988D4BA288B0A31006297B7 /* 237.swift in Sources */,
				49606D4628850295006CB30D /* 136.swift in Sources */,
				49606D2B28850295006CB30D /* 25.swift in Sources */,
				4988D4B3288B06E7006297B7 /* 268.swift in Sources */,
				49606D3828850295006CB30D /* 145.swift in Sources */,
				49606D9728868DDA006CB30D /* 34.swift in Sources */,
				49646490288A4C4300EBFAD7 /* 55.swift in Sources */,
				49606D1C28850295006CB30D /* 66.swift in Sources */,
			);
			runOnlyForDeploymentPostprocessing = 0;
		};
		49606CB22885026D006CB30D /* Sources */ = {
			isa = PBXSourcesBuildPhase;
			buildActionMask = 2147483647;
			files = (
				49606D64288502C8006CB30D /* tests561_580.swift in Sources */,
				49606D66288502C8006CB30D /* tests731_740.swift in Sources */,
				49606CBC2885026D006CB30D /* leetcodes_swiftTests.swift in Sources */,
				49606D67288502C8006CB30D /* tests041_060.swift in Sources */,
				49AAD4E8288AA3FC0002EDBB /* tests061_080.swift in Sources */,
				49606D8D28856975006CB30D /* tests221-240.swift in Sources */,
				49606D6B288502C8006CB30D /* tests101_120.swift in Sources */,
				49606D69288502C8006CB30D /* tests021_040.swift in Sources */,
				49606D75288536CE006CB30D /* tests001-020.swift in Sources */,
				49606D65288502C8006CB30D /* tests741_760.swift in Sources */,
				49606D6A288502C8006CB30D /* tests121-140.swift in Sources */,
				4964647E2888F4F900EBFAD7 /* tests861-880.swift in Sources */,
				49606D68288502C8006CB30D /* tests081_100.swift in Sources */,
				4988D4BF288BD6E2006297B7 /* tests_offer_ii_101_120.swift in Sources */,
			);
			runOnlyForDeploymentPostprocessing = 0;
		};
/* End PBXSourcesBuildPhase section */

/* Begin PBXTargetDependency section */
		49606CB92885026D006CB30D /* PBXTargetDependency */ = {
			isa = PBXTargetDependency;
			target = 49606CAB2885026C006CB30D /* leetcodes-swift */;
			targetProxy = 49606CB82885026D006CB30D /* PBXContainerItemProxy */;
		};
/* End PBXTargetDependency section */

/* Begin XCBuildConfiguration section */
		49606CBE2885026D006CB30D /* Debug */ = {
			isa = XCBuildConfiguration;
			buildSettings = {
				ALWAYS_SEARCH_USER_PATHS = NO;
				CLANG_ANALYZER_NONNULL = YES;
				CLANG_ANALYZER_NUMBER_OBJECT_CONVERSION = YES_AGGRESSIVE;
				CLANG_CXX_LANGUAGE_STANDARD = "gnu++17";
				CLANG_ENABLE_MODULES = YES;
				CLANG_ENABLE_OBJC_ARC = YES;
				CLANG_ENABLE_OBJC_WEAK = YES;
				CLANG_WARN_BLOCK_CAPTURE_AUTORELEASING = YES;
				CLANG_WARN_BOOL_CONVERSION = YES;
				CLANG_WARN_COMMA = YES;
				CLANG_WARN_CONSTANT_CONVERSION = YES;
				CLANG_WARN_DEPRECATED_OBJC_IMPLEMENTATIONS = YES;
				CLANG_WARN_DIRECT_OBJC_ISA_USAGE = YES_ERROR;
				CLANG_WARN_DOCUMENTATION_COMMENTS = YES;
				CLANG_WARN_EMPTY_BODY = YES;
				CLANG_WARN_ENUM_CONVERSION = YES;
				CLANG_WARN_INFINITE_RECURSION = YES;
				CLANG_WARN_INT_CONVERSION = YES;
				CLANG_WARN_NON_LITERAL_NULL_CONVERSION = YES;
				CLANG_WARN_OBJC_IMPLICIT_RETAIN_SELF = YES;
				CLANG_WARN_OBJC_LITERAL_CONVERSION = YES;
				CLANG_WARN_OBJC_ROOT_CLASS = YES_ERROR;
				CLANG_WARN_QUOTED_INCLUDE_IN_FRAMEWORK_HEADER = YES;
				CLANG_WARN_RANGE_LOOP_ANALYSIS = YES;
				CLANG_WARN_STRICT_PROTOTYPES = YES;
				CLANG_WARN_SUSPICIOUS_MOVE = YES;
				CLANG_WARN_UNGUARDED_AVAILABILITY = YES_AGGRESSIVE;
				CLANG_WARN_UNREACHABLE_CODE = YES;
				CLANG_WARN__DUPLICATE_METHOD_MATCH = YES;
				COPY_PHASE_STRIP = NO;
				CURRENT_PROJECT_VERSION = 1;
				DEBUG_INFORMATION_FORMAT = dwarf;
				ENABLE_STRICT_OBJC_MSGSEND = YES;
				ENABLE_TESTABILITY = YES;
				GCC_C_LANGUAGE_STANDARD = gnu11;
				GCC_DYNAMIC_NO_PIC = NO;
				GCC_NO_COMMON_BLOCKS = YES;
				GCC_OPTIMIZATION_LEVEL = 0;
				GCC_PREPROCESSOR_DEFINITIONS = (
					"DEBUG=1",
					"$(inherited)",
				);
				GCC_WARN_64_TO_32_BIT_CONVERSION = YES;
				GCC_WARN_ABOUT_RETURN_TYPE = YES_ERROR;
				GCC_WARN_UNDECLARED_SELECTOR = YES;
				GCC_WARN_UNINITIALIZED_AUTOS = YES_AGGRESSIVE;
				GCC_WARN_UNUSED_FUNCTION = YES;
				GCC_WARN_UNUSED_VARIABLE = YES;
				MACOSX_DEPLOYMENT_TARGET = 13.0;
				MTL_ENABLE_DEBUG_INFO = INCLUDE_SOURCE;
				MTL_FAST_MATH = YES;
				ONLY_ACTIVE_ARCH = YES;
				SDKROOT = macosx;
				SWIFT_ACTIVE_COMPILATION_CONDITIONS = DEBUG;
				SWIFT_OPTIMIZATION_LEVEL = "-Onone";
				VERSIONING_SYSTEM = "apple-generic";
				VERSION_INFO_PREFIX = "";
			};
			name = Debug;
		};
		49606CBF2885026D006CB30D /* Release */ = {
			isa = XCBuildConfiguration;
			buildSettings = {
				ALWAYS_SEARCH_USER_PATHS = NO;
				CLANG_ANALYZER_NONNULL = YES;
				CLANG_ANALYZER_NUMBER_OBJECT_CONVERSION = YES_AGGRESSIVE;
				CLANG_CXX_LANGUAGE_STANDARD = "gnu++17";
				CLANG_ENABLE_MODULES = YES;
				CLANG_ENABLE_OBJC_ARC = YES;
				CLANG_ENABLE_OBJC_WEAK = YES;
				CLANG_WARN_BLOCK_CAPTURE_AUTORELEASING = YES;
				CLANG_WARN_BOOL_CONVERSION = YES;
				CLANG_WARN_COMMA = YES;
				CLANG_WARN_CONSTANT_CONVERSION = YES;
				CLANG_WARN_DEPRECATED_OBJC_IMPLEMENTATIONS = YES;
				CLANG_WARN_DIRECT_OBJC_ISA_USAGE = YES_ERROR;
				CLANG_WARN_DOCUMENTATION_COMMENTS = YES;
				CLANG_WARN_EMPTY_BODY = YES;
				CLANG_WARN_ENUM_CONVERSION = YES;
				CLANG_WARN_INFINITE_RECURSION = YES;
				CLANG_WARN_INT_CONVERSION = YES;
				CLANG_WARN_NON_LITERAL_NULL_CONVERSION = YES;
				CLANG_WARN_OBJC_IMPLICIT_RETAIN_SELF = YES;
				CLANG_WARN_OBJC_LITERAL_CONVERSION = YES;
				CLANG_WARN_OBJC_ROOT_CLASS = YES_ERROR;
				CLANG_WARN_QUOTED_INCLUDE_IN_FRAMEWORK_HEADER = YES;
				CLANG_WARN_RANGE_LOOP_ANALYSIS = YES;
				CLANG_WARN_STRICT_PROTOTYPES = YES;
				CLANG_WARN_SUSPICIOUS_MOVE = YES;
				CLANG_WARN_UNGUARDED_AVAILABILITY = YES_AGGRESSIVE;
				CLANG_WARN_UNREACHABLE_CODE = YES;
				CLANG_WARN__DUPLICATE_METHOD_MATCH = YES;
				COPY_PHASE_STRIP = NO;
				CURRENT_PROJECT_VERSION = 1;
				DEBUG_INFORMATION_FORMAT = "dwarf-with-dsym";
				ENABLE_NS_ASSERTIONS = NO;
				ENABLE_STRICT_OBJC_MSGSEND = YES;
				GCC_C_LANGUAGE_STANDARD = gnu11;
				GCC_NO_COMMON_BLOCKS = YES;
				GCC_WARN_64_TO_32_BIT_CONVERSION = YES;
				GCC_WARN_ABOUT_RETURN_TYPE = YES_ERROR;
				GCC_WARN_UNDECLARED_SELECTOR = YES;
				GCC_WARN_UNINITIALIZED_AUTOS = YES_AGGRESSIVE;
				GCC_WARN_UNUSED_FUNCTION = YES;
				GCC_WARN_UNUSED_VARIABLE = YES;
				MACOSX_DEPLOYMENT_TARGET = 13.0;
				MTL_ENABLE_DEBUG_INFO = NO;
				MTL_FAST_MATH = YES;
				SDKROOT = macosx;
				SWIFT_COMPILATION_MODE = wholemodule;
				SWIFT_OPTIMIZATION_LEVEL = "-O";
				VERSIONING_SYSTEM = "apple-generic";
				VERSION_INFO_PREFIX = "";
			};
			name = Release;
		};
		49606CC12885026D006CB30D /* Debug */ = {
			isa = XCBuildConfiguration;
			buildSettings = {
				CODE_SIGN_STYLE = Automatic;
				COMBINE_HIDPI_IMAGES = YES;
				CURRENT_PROJECT_VERSION = 1;
				DEFINES_MODULE = YES;
				DEVELOPMENT_TEAM = MYB5299FCX;
				DYLIB_COMPATIBILITY_VERSION = 1;
				DYLIB_CURRENT_VERSION = 1;
				DYLIB_INSTALL_NAME_BASE = "@rpath";
				GENERATE_INFOPLIST_FILE = YES;
				INFOPLIST_KEY_NSHumanReadableCopyright = "";
				INSTALL_PATH = "$(LOCAL_LIBRARY_DIR)/Frameworks";
				LD_RUNPATH_SEARCH_PATHS = (
					"$(inherited)",
					"@executable_path/../Frameworks",
					"@loader_path/Frameworks",
				);
				MARKETING_VERSION = 1.0;
				PRODUCT_BUNDLE_IDENTIFIER = "com.wttch.leetcodes-swift";
				PRODUCT_NAME = "$(TARGET_NAME:c99extidentifier)";
				SKIP_INSTALL = YES;
				SWIFT_EMIT_LOC_STRINGS = YES;
				SWIFT_VERSION = 5.0;
			};
			name = Debug;
		};
		49606CC22885026D006CB30D /* Release */ = {
			isa = XCBuildConfiguration;
			buildSettings = {
				CODE_SIGN_STYLE = Automatic;
				COMBINE_HIDPI_IMAGES = YES;
				CURRENT_PROJECT_VERSION = 1;
				DEFINES_MODULE = YES;
				DEVELOPMENT_TEAM = MYB5299FCX;
				DYLIB_COMPATIBILITY_VERSION = 1;
				DYLIB_CURRENT_VERSION = 1;
				DYLIB_INSTALL_NAME_BASE = "@rpath";
				GENERATE_INFOPLIST_FILE = YES;
				INFOPLIST_KEY_NSHumanReadableCopyright = "";
				INSTALL_PATH = "$(LOCAL_LIBRARY_DIR)/Frameworks";
				LD_RUNPATH_SEARCH_PATHS = (
					"$(inherited)",
					"@executable_path/../Frameworks",
					"@loader_path/Frameworks",
				);
				MARKETING_VERSION = 1.0;
				PRODUCT_BUNDLE_IDENTIFIER = "com.wttch.leetcodes-swift";
				PRODUCT_NAME = "$(TARGET_NAME:c99extidentifier)";
				SKIP_INSTALL = YES;
				SWIFT_EMIT_LOC_STRINGS = YES;
				SWIFT_VERSION = 5.0;
			};
			name = Release;
		};
		49606CC42885026D006CB30D /* Debug */ = {
			isa = XCBuildConfiguration;
			buildSettings = {
				ALWAYS_EMBED_SWIFT_STANDARD_LIBRARIES = YES;
				CODE_SIGN_STYLE = Automatic;
				CURRENT_PROJECT_VERSION = 1;
				DEVELOPMENT_TEAM = MYB5299FCX;
				GENERATE_INFOPLIST_FILE = YES;
				MARKETING_VERSION = 1.0;
				PRODUCT_BUNDLE_IDENTIFIER = "com.wttch.leetcodes-swiftTests";
				PRODUCT_NAME = "$(TARGET_NAME)";
				SWIFT_EMIT_LOC_STRINGS = NO;
				SWIFT_VERSION = 5.0;
			};
			name = Debug;
		};
		49606CC52885026D006CB30D /* Release */ = {
			isa = XCBuildConfiguration;
			buildSettings = {
				ALWAYS_EMBED_SWIFT_STANDARD_LIBRARIES = YES;
				CODE_SIGN_STYLE = Automatic;
				CURRENT_PROJECT_VERSION = 1;
				DEVELOPMENT_TEAM = MYB5299FCX;
				GENERATE_INFOPLIST_FILE = YES;
				MARKETING_VERSION = 1.0;
				PRODUCT_BUNDLE_IDENTIFIER = "com.wttch.leetcodes-swiftTests";
				PRODUCT_NAME = "$(TARGET_NAME)";
				SWIFT_EMIT_LOC_STRINGS = NO;
				SWIFT_VERSION = 5.0;
			};
			name = Release;
		};
/* End XCBuildConfiguration section */

/* Begin XCConfigurationList section */
		49606CA62885026C006CB30D /* Build configuration list for PBXProject "leetcodes-swift" */ = {
			isa = XCConfigurationList;
			buildConfigurations = (
				49606CBE2885026D006CB30D /* Debug */,
				49606CBF2885026D006CB30D /* Release */,
			);
			defaultConfigurationIsVisible = 0;
			defaultConfigurationName = Release;
		};
		49606CC02885026D006CB30D /* Build configuration list for PBXNativeTarget "leetcodes-swift" */ = {
			isa = XCConfigurationList;
			buildConfigurations = (
				49606CC12885026D006CB30D /* Debug */,
				49606CC22885026D006CB30D /* Release */,
			);
			defaultConfigurationIsVisible = 0;
			defaultConfigurationName = Release;
		};
		49606CC32885026D006CB30D /* Build configuration list for PBXNativeTarget "leetcodes-swiftTests" */ = {
			isa = XCConfigurationList;
			buildConfigurations = (
				49606CC42885026D006CB30D /* Debug */,
				49606CC52885026D006CB30D /* Release */,
			);
			defaultConfigurationIsVisible = 0;
			defaultConfigurationName = Release;
		};
/* End XCConfigurationList section */
	};
	rootObject = 49606CA32885026C006CB30D /* Project object */;
}
